{
  "object": {
    "pins": [
      {
        "package": "SwiftUI-Utils",
        "repositoryURL": "git@github.com:pourhadi/swiftui-utils.git",
        "state": {
          "branch": "master",
          "revision": "c1f66d3d36c50ada664a49a2263c6375721b5f66",
          "version": null
        }
      }
    ]
  },
  "version": 1
}
