// !$*UTF8*$!
{
	archiveVersion = 1;
	classes = {
	};
	objectVersion = 51;
	objects = {

/* Begin PBXBuildFile section */
		3707E1D923A1517800ABC970 /* PreviewView.swift in Sources */ = {isa = PBXBuildFile; fileRef = 3707E1D823A1517800ABC970 /* PreviewView.swift */; };
		3757E6602381059E00D9E953 /* TimelineView.swift in Sources */ = {isa = PBXBuildFile; fileRef = 3757E65F2381059E00D9E953 /* TimelineView.swift */; };
		3757E662238744E000D9E953 /* PlayerContainerView.swift in Sources */ = {isa = PBXBuildFile; fileRef = 3757E661238744E000D9E953 /* PlayerContainerView.swift */; };
		3757E66423877DE000D9E953 /* PlayerView.swift in Sources */ = {isa = PBXBuildFile; fileRef = 3757E66323877DE000D9E953 /* PlayerView.swift */; };
		3757E6662388198600D9E953 /* test_movie.mov in Resources */ = {isa = PBXBuildFile; fileRef = 3757E6652388198600D9E953 /* test_movie.mov */; };
		37A61A40239A87570072BAE3 /* Stack.swift in Sources */ = {isa = PBXBuildFile; fileRef = 37A61A3F239A87570072BAE3 /* Stack.swift */; };
		37A7A952238087A000BBCADB /* AppDelegate.swift in Sources */ = {isa = PBXBuildFile; fileRef = 37A7A951238087A000BBCADB /* AppDelegate.swift */; };
		37A7A954238087A000BBCADB /* SceneDelegate.swift in Sources */ = {isa = PBXBuildFile; fileRef = 37A7A953238087A000BBCADB /* SceneDelegate.swift */; };
		37A7A956238087A000BBCADB /* ContentView.swift in Sources */ = {isa = PBXBuildFile; fileRef = 37A7A955238087A000BBCADB /* ContentView.swift */; };
		37A7A958238087A500BBCADB /* Assets.xcassets in Resources */ = {isa = PBXBuildFile; fileRef = 37A7A957238087A500BBCADB /* Assets.xcassets */; };
		37A7A95B238087A500BBCADB /* Preview Assets.xcassets in Resources */ = {isa = PBXBuildFile; fileRef = 37A7A95A238087A500BBCADB /* Preview Assets.xcassets */; };
		37A7A95E238087A500BBCADB /* LaunchScreen.storyboard in Resources */ = {isa = PBXBuildFile; fileRef = 37A7A95C238087A500BBCADB /* LaunchScreen.storyboard */; };
		37A7A966238089EB00BBCADB /* EditorView.swift in Sources */ = {isa = PBXBuildFile; fileRef = 37A7A965238089EB00BBCADB /* EditorView.swift */; };
		37A7A9682380BED900BBCADB /* Video.swift in Sources */ = {isa = PBXBuildFile; fileRef = 37A7A9672380BED900BBCADB /* Video.swift */; };
		37AC0E1E239CB54A0073A1FD /* Gif.swift in Sources */ = {isa = PBXBuildFile; fileRef = 37AC0E1D239CB54A0073A1FD /* Gif.swift */; };
		37AC0E20239D1AA10073A1FD /* Colors.swift in Sources */ = {isa = PBXBuildFile; fileRef = 37AC0E1F239D1AA10073A1FD /* Colors.swift */; };
		37AC0E22239D92270073A1FD /* GifSettingsView.swift in Sources */ = {isa = PBXBuildFile; fileRef = 37AC0E21239D92270073A1FD /* GifSettingsView.swift */; };
		37EDBD4923A1A26800166CD9 /* ActivityIndicatorView.swift in Sources */ = {isa = PBXBuildFile; fileRef = 37EDBD4823A1A26800166CD9 /* ActivityIndicatorView.swift */; };
		37EDBD4B23A7DB6700166CD9 /* DocumentPickerView.swift in Sources */ = {isa = PBXBuildFile; fileRef = 37EDBD4A23A7DB6700166CD9 /* DocumentPickerView.swift */; };
		37EDBD4E23A7FE8E00166CD9 /* Env.swift in Sources */ = {isa = PBXBuildFile; fileRef = 37EDBD4D23A7FE8E00166CD9 /* Env.swift */; };
		37FD5A02238C878400CB098E /* ScrollViewUtils.swift in Sources */ = {isa = PBXBuildFile; fileRef = 37FD5A01238C878400CB098E /* ScrollViewUtils.swift */; };
		37FD5A04238F989E00CB098E /* Utils.swift in Sources */ = {isa = PBXBuildFile; fileRef = 37FD5A03238F989E00CB098E /* Utils.swift */; };
		37FD5A0623902EFA00CB098E /* ControlsView.swift in Sources */ = {isa = PBXBuildFile; fileRef = 37FD5A0523902EFA00CB098E /* ControlsView.swift */; };
		37FD5A08239A078700CB098E /* VisualEffectView.swift in Sources */ = {isa = PBXBuildFile; fileRef = 37FD5A07239A078700CB098E /* VisualEffectView.swift */; };
		47E7EC8984E4C81B0670EF7B /* Pods_gif.framework in Frameworks */ = {isa = PBXBuildFile; fileRef = 8E62278685D2C1A10C337E8B /* Pods_gif.framework */; };
/* End PBXBuildFile section */

/* Begin PBXFileReference section */
		22C6870D4081427B60DEBB5C /* Pods-gif.debug.xcconfig */ = {isa = PBXFileReference; includeInIndex = 1; lastKnownFileType = text.xcconfig; name = "Pods-gif.debug.xcconfig"; path = "Target Support Files/Pods-gif/Pods-gif.debug.xcconfig"; sourceTree = "<group>"; };
		3707E1D823A1517800ABC970 /* PreviewView.swift */ = {isa = PBXFileReference; lastKnownFileType = sourcecode.swift; path = PreviewView.swift; sourceTree = "<group>"; };
		3757E65F2381059E00D9E953 /* TimelineView.swift */ = {isa = PBXFileReference; lastKnownFileType = sourcecode.swift; path = TimelineView.swift; sourceTree = "<group>"; };
		3757E661238744E000D9E953 /* PlayerContainerView.swift */ = {isa = PBXFileReference; lastKnownFileType = sourcecode.swift; path = PlayerContainerView.swift; sourceTree = "<group>"; };
		3757E66323877DE000D9E953 /* PlayerView.swift */ = {isa = PBXFileReference; lastKnownFileType = sourcecode.swift; path = PlayerView.swift; sourceTree = "<group>"; };
		3757E6652388198600D9E953 /* test_movie.mov */ = {isa = PBXFileReference; lastKnownFileType = video.quicktime; path = test_movie.mov; sourceTree = "<group>"; };
		37A61A3F239A87570072BAE3 /* Stack.swift */ = {isa = PBXFileReference; lastKnownFileType = sourcecode.swift; path = Stack.swift; sourceTree = "<group>"; };
		37A7A94E238087A000BBCADB /* gif.app */ = {isa = PBXFileReference; explicitFileType = wrapper.application; includeInIndex = 0; path = gif.app; sourceTree = BUILT_PRODUCTS_DIR; };
		37A7A951238087A000BBCADB /* AppDelegate.swift */ = {isa = PBXFileReference; lastKnownFileType = sourcecode.swift; path = AppDelegate.swift; sourceTree = "<group>"; };
		37A7A953238087A000BBCADB /* SceneDelegate.swift */ = {isa = PBXFileReference; lastKnownFileType = sourcecode.swift; path = SceneDelegate.swift; sourceTree = "<group>"; };
		37A7A955238087A000BBCADB /* ContentView.swift */ = {isa = PBXFileReference; lastKnownFileType = sourcecode.swift; path = ContentView.swift; sourceTree = "<group>"; };
		37A7A957238087A500BBCADB /* Assets.xcassets */ = {isa = PBXFileReference; lastKnownFileType = folder.assetcatalog; path = Assets.xcassets; sourceTree = "<group>"; };
		37A7A95A238087A500BBCADB /* Preview Assets.xcassets */ = {isa = PBXFileReference; lastKnownFileType = folder.assetcatalog; path = "Preview Assets.xcassets"; sourceTree = "<group>"; };
		37A7A95D238087A500BBCADB /* Base */ = {isa = PBXFileReference; lastKnownFileType = file.storyboard; name = Base; path = Base.lproj/LaunchScreen.storyboard; sourceTree = "<group>"; };
		37A7A95F238087A500BBCADB /* Info.plist */ = {isa = PBXFileReference; lastKnownFileType = text.plist.xml; path = Info.plist; sourceTree = "<group>"; };
		37A7A965238089EB00BBCADB /* EditorView.swift */ = {isa = PBXFileReference; lastKnownFileType = sourcecode.swift; path = EditorView.swift; sourceTree = "<group>"; };
		37A7A9672380BED900BBCADB /* Video.swift */ = {isa = PBXFileReference; lastKnownFileType = sourcecode.swift; path = Video.swift; sourceTree = "<group>"; };
		37AC0E1D239CB54A0073A1FD /* Gif.swift */ = {isa = PBXFileReference; lastKnownFileType = sourcecode.swift; path = Gif.swift; sourceTree = "<group>"; };
		37AC0E1F239D1AA10073A1FD /* Colors.swift */ = {isa = PBXFileReference; lastKnownFileType = sourcecode.swift; path = Colors.swift; sourceTree = "<group>"; };
		37AC0E21239D92270073A1FD /* GifSettingsView.swift */ = {isa = PBXFileReference; lastKnownFileType = sourcecode.swift; path = GifSettingsView.swift; sourceTree = "<group>"; };
		37EDBD4823A1A26800166CD9 /* ActivityIndicatorView.swift */ = {isa = PBXFileReference; lastKnownFileType = sourcecode.swift; path = ActivityIndicatorView.swift; sourceTree = "<group>"; };
		37EDBD4A23A7DB6700166CD9 /* DocumentPickerView.swift */ = {isa = PBXFileReference; lastKnownFileType = sourcecode.swift; path = DocumentPickerView.swift; sourceTree = "<group>"; };
		37EDBD4D23A7FE8E00166CD9 /* Env.swift */ = {isa = PBXFileReference; lastKnownFileType = sourcecode.swift; path = Env.swift; sourceTree = "<group>"; };
		37FD5A01238C878400CB098E /* ScrollViewUtils.swift */ = {isa = PBXFileReference; lastKnownFileType = sourcecode.swift; path = ScrollViewUtils.swift; sourceTree = "<group>"; };
		37FD5A03238F989E00CB098E /* Utils.swift */ = {isa = PBXFileReference; lastKnownFileType = sourcecode.swift; path = Utils.swift; sourceTree = "<group>"; };
		37FD5A0523902EFA00CB098E /* ControlsView.swift */ = {isa = PBXFileReference; lastKnownFileType = sourcecode.swift; path = ControlsView.swift; sourceTree = "<group>"; };
		37FD5A07239A078700CB098E /* VisualEffectView.swift */ = {isa = PBXFileReference; lastKnownFileType = sourcecode.swift; path = VisualEffectView.swift; sourceTree = "<group>"; };
		4E61FA6AE0F826D446D1F649 /* Pods-gif.release.xcconfig */ = {isa = PBXFileReference; includeInIndex = 1; lastKnownFileType = text.xcconfig; name = "Pods-gif.release.xcconfig"; path = "Target Support Files/Pods-gif/Pods-gif.release.xcconfig"; sourceTree = "<group>"; };
		8E62278685D2C1A10C337E8B /* Pods_gif.framework */ = {isa = PBXFileReference; explicitFileType = wrapper.framework; includeInIndex = 0; path = Pods_gif.framework; sourceTree = BUILT_PRODUCTS_DIR; };
/* End PBXFileReference section */

/* Begin PBXFrameworksBuildPhase section */
		37A7A94B238087A000BBCADB /* Frameworks */ = {
			isa = PBXFrameworksBuildPhase;
			buildActionMask = 2147483647;
			files = (
				47E7EC8984E4C81B0670EF7B /* Pods_gif.framework in Frameworks */,
			);
			runOnlyForDeploymentPostprocessing = 0;
		};
/* End PBXFrameworksBuildPhase section */

/* Begin PBXGroup section */
		048478FB3565642606304B1A /* Frameworks */ = {
			isa = PBXGroup;
			children = (
				8E62278685D2C1A10C337E8B /* Pods_gif.framework */,
			);
			name = Frameworks;
			sourceTree = "<group>";
		};
		0E8A82DDC6E20D682F025DDA /* Pods */ = {
			isa = PBXGroup;
			children = (
				22C6870D4081427B60DEBB5C /* Pods-gif.debug.xcconfig */,
				4E61FA6AE0F826D446D1F649 /* Pods-gif.release.xcconfig */,
			);
			path = Pods;
			sourceTree = "<group>";
		};
		37A7A945238087A000BBCADB = {
			isa = PBXGroup;
			children = (
				37A7A950238087A000BBCADB /* gif */,
				37A7A94F238087A000BBCADB /* Products */,
				0E8A82DDC6E20D682F025DDA /* Pods */,
				048478FB3565642606304B1A /* Frameworks */,
			);
			sourceTree = "<group>";
		};
		37A7A94F238087A000BBCADB /* Products */ = {
			isa = PBXGroup;
			children = (
				37A7A94E238087A000BBCADB /* gif.app */,
			);
			name = Products;
			sourceTree = "<group>";
		};
		37A7A950238087A000BBCADB /* gif */ = {
			isa = PBXGroup;
			children = (
				37FD5A00238C875100CB098E /* UtilViews */,
				37A7A965238089EB00BBCADB /* EditorView.swift */,
				37A7A951238087A000BBCADB /* AppDelegate.swift */,
				37A7A953238087A000BBCADB /* SceneDelegate.swift */,
				37A7A955238087A000BBCADB /* ContentView.swift */,
				37A7A957238087A500BBCADB /* Assets.xcassets */,
				37A7A95C238087A500BBCADB /* LaunchScreen.storyboard */,
				37A7A95F238087A500BBCADB /* Info.plist */,
				37A7A959238087A500BBCADB /* Preview Content */,
				37A7A9672380BED900BBCADB /* Video.swift */,
				3757E65F2381059E00D9E953 /* TimelineView.swift */,
				3757E661238744E000D9E953 /* PlayerContainerView.swift */,
				3757E66323877DE000D9E953 /* PlayerView.swift */,
				37FD5A03238F989E00CB098E /* Utils.swift */,
				37FD5A0523902EFA00CB098E /* ControlsView.swift */,
				37AC0E1D239CB54A0073A1FD /* Gif.swift */,
				37AC0E1F239D1AA10073A1FD /* Colors.swift */,
				37AC0E21239D92270073A1FD /* GifSettingsView.swift */,
				3707E1D823A1517800ABC970 /* PreviewView.swift */,
				37EDBD4A23A7DB6700166CD9 /* DocumentPickerView.swift */,
				37EDBD4D23A7FE8E00166CD9 /* Env.swift */,
			);
			path = gif;
			sourceTree = "<group>";
		};
		37A7A959238087A500BBCADB /* Preview Content */ = {
			isa = PBXGroup;
			children = (
				3757E6652388198600D9E953 /* test_movie.mov */,
				37A7A95A238087A500BBCADB /* Preview Assets.xcassets */,
			);
			path = "Preview Content";
			sourceTree = "<group>";
		};
		37FD5A00238C875100CB098E /* UtilViews */ = {
			isa = PBXGroup;
			children = (
				37FD5A01238C878400CB098E /* ScrollViewUtils.swift */,
				37FD5A07239A078700CB098E /* VisualEffectView.swift */,
				37A61A3F239A87570072BAE3 /* Stack.swift */,
				37EDBD4823A1A26800166CD9 /* ActivityIndicatorView.swift */,
			);
			path = UtilViews;
			sourceTree = "<group>";
		};
/* End PBXGroup section */

/* Begin PBXNativeTarget section */
		37A7A94D238087A000BBCADB /* gif */ = {
			isa = PBXNativeTarget;
			buildConfigurationList = 37A7A962238087A500BBCADB /* Build configuration list for PBXNativeTarget "gif" */;
			buildPhases = (
				15069EF5E2ABF6B1D5A347D0 /* [CP] Check Pods Manifest.lock */,
				37A7A94A238087A000BBCADB /* Sources */,
				37A7A94B238087A000BBCADB /* Frameworks */,
				37A7A94C238087A000BBCADB /* Resources */,
				0B075E2DB5E5D407A9401F12 /* [CP] Embed Pods Frameworks */,
			);
			buildRules = (
			);
			dependencies = (
			);
			name = gif;
			productName = gif;
			productReference = 37A7A94E238087A000BBCADB /* gif.app */;
			productType = "com.apple.product-type.application";
		};
/* End PBXNativeTarget section */

/* Begin PBXProject section */
		37A7A946238087A000BBCADB /* Project object */ = {
			isa = PBXProject;
			attributes = {
				LastSwiftUpdateCheck = 1120;
				LastUpgradeCheck = 1120;
				ORGANIZATIONNAME = dan;
				TargetAttributes = {
					37A7A94D238087A000BBCADB = {
						CreatedOnToolsVersion = 11.2;
					};
				};
			};
			buildConfigurationList = 37A7A949238087A000BBCADB /* Build configuration list for PBXProject "gif" */;
			compatibilityVersion = "Xcode 9.3";
			developmentRegion = en;
			hasScannedForEncodings = 0;
			knownRegions = (
				en,
				Base,
			);
			mainGroup = 37A7A945238087A000BBCADB;
			productRefGroup = 37A7A94F238087A000BBCADB /* Products */;
			projectDirPath = "";
			projectRoot = "";
			targets = (
				37A7A94D238087A000BBCADB /* gif */,
			);
		};
/* End PBXProject section */

/* Begin PBXResourcesBuildPhase section */
		37A7A94C238087A000BBCADB /* Resources */ = {
			isa = PBXResourcesBuildPhase;
			buildActionMask = 2147483647;
			files = (
				37A7A95E238087A500BBCADB /* LaunchScreen.storyboard in Resources */,
				37A7A95B238087A500BBCADB /* Preview Assets.xcassets in Resources */,
				3757E6662388198600D9E953 /* test_movie.mov in Resources */,
				37A7A958238087A500BBCADB /* Assets.xcassets in Resources */,
			);
			runOnlyForDeploymentPostprocessing = 0;
		};
/* End PBXResourcesBuildPhase section */

/* Begin PBXShellScriptBuildPhase section */
		0B075E2DB5E5D407A9401F12 /* [CP] Embed Pods Frameworks */ = {
			isa = PBXShellScriptBuildPhase;
			buildActionMask = 2147483647;
			files = (
			);
			inputFileListPaths = (
				"${PODS_ROOT}/Target Support Files/Pods-gif/Pods-gif-frameworks-${CONFIGURATION}-input-files.xcfilelist",
			);
			name = "[CP] Embed Pods Frameworks";
			outputFileListPaths = (
				"${PODS_ROOT}/Target Support Files/Pods-gif/Pods-gif-frameworks-${CONFIGURATION}-output-files.xcfilelist",
			);
			runOnlyForDeploymentPostprocessing = 0;
			shellPath = /bin/sh;
			shellScript = "\"${PODS_ROOT}/Target Support Files/Pods-gif/Pods-gif-frameworks.sh\"\n";
			showEnvVarsInLog = 0;
		};
		15069EF5E2ABF6B1D5A347D0 /* [CP] Check Pods Manifest.lock */ = {
			isa = PBXShellScriptBuildPhase;
			buildActionMask = 2147483647;
			files = (
			);
			inputFileListPaths = (
			);
			inputPaths = (
				"${PODS_PODFILE_DIR_PATH}/Podfile.lock",
				"${PODS_ROOT}/Manifest.lock",
			);
			name = "[CP] Check Pods Manifest.lock";
			outputFileListPaths = (
			);
			outputPaths = (
				"$(DERIVED_FILE_DIR)/Pods-gif-checkManifestLockResult.txt",
			);
			runOnlyForDeploymentPostprocessing = 0;
			shellPath = /bin/sh;
			shellScript = "diff \"${PODS_PODFILE_DIR_PATH}/Podfile.lock\" \"${PODS_ROOT}/Manifest.lock\" > /dev/null\nif [ $? != 0 ] ; then\n    # print error to STDERR\n    echo \"error: The sandbox is not in sync with the Podfile.lock. Run 'pod install' or update your CocoaPods installation.\" >&2\n    exit 1\nfi\n# This output is used by Xcode 'outputs' to avoid re-running this script phase.\necho \"SUCCESS\" > \"${SCRIPT_OUTPUT_FILE_0}\"\n";
			showEnvVarsInLog = 0;
		};
/* End PBXShellScriptBuildPhase section */

/* Begin PBXSourcesBuildPhase section */
		37A7A94A238087A000BBCADB /* Sources */ = {
			isa = PBXSourcesBuildPhase;
			buildActionMask = 2147483647;
			files = (
				37EDBD4B23A7DB6700166CD9 /* DocumentPickerView.swift in Sources */,
				37A7A9682380BED900BBCADB /* Video.swift in Sources */,
				37AC0E20239D1AA10073A1FD /* Colors.swift in Sources */,
				37AC0E22239D92270073A1FD /* GifSettingsView.swift in Sources */,
				37A61A40239A87570072BAE3 /* Stack.swift in Sources */,
				37EDBD4E23A7FE8E00166CD9 /* Env.swift in Sources */,
				37FD5A02238C878400CB098E /* ScrollViewUtils.swift in Sources */,
				3757E6602381059E00D9E953 /* TimelineView.swift in Sources */,
				3757E662238744E000D9E953 /* PlayerContainerView.swift in Sources */,
				3757E66423877DE000D9E953 /* PlayerView.swift in Sources */,
				37FD5A08239A078700CB098E /* VisualEffectView.swift in Sources */,
				37FD5A04238F989E00CB098E /* Utils.swift in Sources */,
				37A7A952238087A000BBCADB /* AppDelegate.swift in Sources */,
				37A7A966238089EB00BBCADB /* EditorView.swift in Sources */,
				3707E1D923A1517800ABC970 /* PreviewView.swift in Sources */,
				37A7A954238087A000BBCADB /* SceneDelegate.swift in Sources */,
				37A7A956238087A000BBCADB /* ContentView.swift in Sources */,
				37EDBD4923A1A26800166CD9 /* ActivityIndicatorView.swift in Sources */,
				37AC0E1E239CB54A0073A1FD /* Gif.swift in Sources */,
				37FD5A0623902EFA00CB098E /* ControlsView.swift in Sources */,
			);
			runOnlyForDeploymentPostprocessing = 0;
		};
/* End PBXSourcesBuildPhase section */

/* Begin PBXVariantGroup section */
		37A7A95C238087A500BBCADB /* LaunchScreen.storyboard */ = {
			isa = PBXVariantGroup;
			children = (
				37A7A95D238087A500BBCADB /* Base */,
			);
			name = LaunchScreen.storyboard;
			sourceTree = "<group>";
		};
/* End PBXVariantGroup section */

/* Begin XCBuildConfiguration section */
		37A7A960238087A500BBCADB /* Debug */ = {
			isa = XCBuildConfiguration;
			buildSettings = {
				ALWAYS_SEARCH_USER_PATHS = NO;
				CLANG_ANALYZER_NONNULL = YES;
				CLANG_ANALYZER_NUMBER_OBJECT_CONVERSION = YES_AGGRESSIVE;
				CLANG_CXX_LANGUAGE_STANDARD = "gnu++14";
				CLANG_CXX_LIBRARY = "libc++";
				CLANG_ENABLE_MODULES = YES;
				CLANG_ENABLE_OBJC_ARC = YES;
				CLANG_ENABLE_OBJC_WEAK = YES;
				CLANG_WARN_BLOCK_CAPTURE_AUTORELEASING = YES;
				CLANG_WARN_BOOL_CONVERSION = YES;
				CLANG_WARN_COMMA = YES;
				CLANG_WARN_CONSTANT_CONVERSION = YES;
				CLANG_WARN_DEPRECATED_OBJC_IMPLEMENTATIONS = YES;
				CLANG_WARN_DIRECT_OBJC_ISA_USAGE = YES_ERROR;
				CLANG_WARN_DOCUMENTATION_COMMENTS = YES;
				CLANG_WARN_EMPTY_BODY = YES;
				CLANG_WARN_ENUM_CONVERSION = YES;
				CLANG_WARN_INFINITE_RECURSION = YES;
				CLANG_WARN_INT_CONVERSION = YES;
				CLANG_WARN_NON_LITERAL_NULL_CONVERSION = YES;
				CLANG_WARN_OBJC_IMPLICIT_RETAIN_SELF = YES;
				CLANG_WARN_OBJC_LITERAL_CONVERSION = YES;
				CLANG_WARN_OBJC_ROOT_CLASS = YES_ERROR;
				CLANG_WARN_RANGE_LOOP_ANALYSIS = YES;
				CLANG_WARN_STRICT_PROTOTYPES = YES;
				CLANG_WARN_SUSPICIOUS_MOVE = YES;
				CLANG_WARN_UNGUARDED_AVAILABILITY = YES_AGGRESSIVE;
				CLANG_WARN_UNREACHABLE_CODE = YES;
				CLANG_WARN__DUPLICATE_METHOD_MATCH = YES;
				COPY_PHASE_STRIP = NO;
				DEBUG_INFORMATION_FORMAT = dwarf;
				ENABLE_STRICT_OBJC_MSGSEND = YES;
				ENABLE_TESTABILITY = YES;
				GCC_C_LANGUAGE_STANDARD = gnu11;
				GCC_DYNAMIC_NO_PIC = NO;
				GCC_NO_COMMON_BLOCKS = YES;
				GCC_OPTIMIZATION_LEVEL = 0;
				GCC_PREPROCESSOR_DEFINITIONS = (
					"DEBUG=1",
					"$(inherited)",
				);
				GCC_WARN_64_TO_32_BIT_CONVERSION = YES;
				GCC_WARN_ABOUT_RETURN_TYPE = YES_ERROR;
				GCC_WARN_UNDECLARED_SELECTOR = YES;
				GCC_WARN_UNINITIALIZED_AUTOS = YES_AGGRESSIVE;
				GCC_WARN_UNUSED_FUNCTION = YES;
				GCC_WARN_UNUSED_VARIABLE = YES;
				IPHONEOS_DEPLOYMENT_TARGET = 13.2;
				MTL_ENABLE_DEBUG_INFO = INCLUDE_SOURCE;
				MTL_FAST_MATH = YES;
				ONLY_ACTIVE_ARCH = YES;
				SDKROOT = iphoneos;
				SWIFT_ACTIVE_COMPILATION_CONDITIONS = DEBUG;
				SWIFT_OPTIMIZATION_LEVEL = "-Onone";
			};
			name = Debug;
		};
		37A7A961238087A500BBCADB /* Release */ = {
			isa = XCBuildConfiguration;
			buildSettings = {
				ALWAYS_SEARCH_USER_PATHS = NO;
				CLANG_ANALYZER_NONNULL = YES;
				CLANG_ANALYZER_NUMBER_OBJECT_CONVERSION = YES_AGGRESSIVE;
				CLANG_CXX_LANGUAGE_STANDARD = "gnu++14";
				CLANG_CXX_LIBRARY = "libc++";
				CLANG_ENABLE_MODULES = YES;
				CLANG_ENABLE_OBJC_ARC = YES;
				CLANG_ENABLE_OBJC_WEAK = YES;
				CLANG_WARN_BLOCK_CAPTURE_AUTORELEASING = YES;
				CLANG_WARN_BOOL_CONVERSION = YES;
				CLANG_WARN_COMMA = YES;
				CLANG_WARN_CONSTANT_CONVERSION = YES;
				CLANG_WARN_DEPRECATED_OBJC_IMPLEMENTATIONS = YES;
				CLANG_WARN_DIRECT_OBJC_ISA_USAGE = YES_ERROR;
				CLANG_WARN_DOCUMENTATION_COMMENTS = YES;
				CLANG_WARN_EMPTY_BODY = YES;
				CLANG_WARN_ENUM_CONVERSION = YES;
				CLANG_WARN_INFINITE_RECURSION = YES;
				CLANG_WARN_INT_CONVERSION = YES;
				CLANG_WARN_NON_LITERAL_NULL_CONVERSION = YES;
				CLANG_WARN_OBJC_IMPLICIT_RETAIN_SELF = YES;
				CLANG_WARN_OBJC_LITERAL_CONVERSION = YES;
				CLANG_WARN_OBJC_ROOT_CLASS = YES_ERROR;
				CLANG_WARN_RANGE_LOOP_ANALYSIS = YES;
				CLANG_WARN_STRICT_PROTOTYPES = YES;
				CLANG_WARN_SUSPICIOUS_MOVE = YES;
				CLANG_WARN_UNGUARDED_AVAILABILITY = YES_AGGRESSIVE;
				CLANG_WARN_UNREACHABLE_CODE = YES;
				CLANG_WARN__DUPLICATE_METHOD_MATCH = YES;
				COPY_PHASE_STRIP = NO;
				DEBUG_INFORMATION_FORMAT = "dwarf-with-dsym";
				ENABLE_NS_ASSERTIONS = NO;
				ENABLE_STRICT_OBJC_MSGSEND = YES;
				GCC_C_LANGUAGE_STANDARD = gnu11;
				GCC_NO_COMMON_BLOCKS = YES;
				GCC_WARN_64_TO_32_BIT_CONVERSION = YES;
				GCC_WARN_ABOUT_RETURN_TYPE = YES_ERROR;
				GCC_WARN_UNDECLARED_SELECTOR = YES;
				GCC_WARN_UNINITIALIZED_AUTOS = YES_AGGRESSIVE;
				GCC_WARN_UNUSED_FUNCTION = YES;
				GCC_WARN_UNUSED_VARIABLE = YES;
				IPHONEOS_DEPLOYMENT_TARGET = 13.2;
				MTL_ENABLE_DEBUG_INFO = NO;
				MTL_FAST_MATH = YES;
				SDKROOT = iphoneos;
				SWIFT_COMPILATION_MODE = wholemodule;
				SWIFT_OPTIMIZATION_LEVEL = "-O";
				VALIDATE_PRODUCT = YES;
			};
			name = Release;
		};
		37A7A963238087A500BBCADB /* Debug */ = {
			isa = XCBuildConfiguration;
			baseConfigurationReference = 22C6870D4081427B60DEBB5C /* Pods-gif.debug.xcconfig */;
			buildSettings = {
				ASSETCATALOG_COMPILER_APPICON_NAME = AppIcon;
				CODE_SIGN_STYLE = Automatic;
				DEVELOPMENT_ASSET_PATHS = "\"gif/Preview Content\"";
				DEVELOPMENT_TEAM = 84476NUWZH;
				ENABLE_PREVIEWS = YES;
				INFOPLIST_FILE = gif/Info.plist;
				IPHONEOS_DEPLOYMENT_TARGET = 13.2;
				LD_RUNPATH_SEARCH_PATHS = (
					"$(inherited)",
					"@executable_path/Frameworks",
				);
				PRODUCT_BUNDLE_IDENTIFIER = com.pourhadi.giffed;
				PRODUCT_NAME = "$(TARGET_NAME)";
				SWIFT_VERSION = 5.0;
				TARGETED_DEVICE_FAMILY = "1,2";
			};
			name = Debug;
		};
		37A7A964238087A500BBCADB /* Release */ = {
			isa = XCBuildConfiguration;
			baseConfigurationReference = 4E61FA6AE0F826D446D1F649 /* Pods-gif.release.xcconfig */;
			buildSettings = {
				ASSETCATALOG_COMPILER_APPICON_NAME = AppIcon;
				CODE_SIGN_STYLE = Automatic;
				DEVELOPMENT_ASSET_PATHS = "\"gif/Preview Content\"";
				DEVELOPMENT_TEAM = 84476NUWZH;
				ENABLE_PREVIEWS = YES;
				INFOPLIST_FILE = gif/Info.plist;
				IPHONEOS_DEPLOYMENT_TARGET = 13.2;
				LD_RUNPATH_SEARCH_PATHS = (
					"$(inherited)",
					"@executable_path/Frameworks",
				);
				PRODUCT_BUNDLE_IDENTIFIER = com.pourhadi.giffed;
				PRODUCT_NAME = "$(TARGET_NAME)";
				SWIFT_VERSION = 5.0;
				TARGETED_DEVICE_FAMILY = "1,2";
			};
			name = Release;
		};
/* End XCBuildConfiguration section */

/* Begin XCConfigurationList section */
		37A7A949238087A000BBCADB /* Build configuration list for PBXProject "gif" */ = {
			isa = XCConfigurationList;
			buildConfigurations = (
				37A7A960238087A500BBCADB /* Debug */,
				37A7A961238087A500BBCADB /* Release */,
			);
			defaultConfigurationIsVisible = 0;
			defaultConfigurationName = Release;
		};
		37A7A962238087A500BBCADB /* Build configuration list for PBXNativeTarget "gif" */ = {
			isa = XCConfigurationList;
			buildConfigurations = (
				37A7A963238087A500BBCADB /* Debug */,
				37A7A964238087A500BBCADB /* Release */,
			);
			defaultConfigurationIsVisible = 0;
			defaultConfigurationName = Release;
		};
/* End XCConfigurationList section */
	};
	rootObject = 37A7A946238087A000BBCADB /* Project object */;
}
