// !$*UTF8*$!
{
	archiveVersion = 1;
	classes = {
	};
	objectVersion = 51;
	objects = {

/* Begin PBXBuildFile section */
		3707E1D923A1517800ABC970 /* PreviewView.swift in Sources */ = {isa = PBXBuildFile; fileRef = 3707E1D823A1517800ABC970 /* PreviewView.swift */; };
		3757E6602381059E00D9E953 /* TimelineView.swift in Sources */ = {isa = PBXBuildFile; fileRef = 3757E65F2381059E00D9E953 /* TimelineView.swift */; };
		3757E662238744E000D9E953 /* PlayerContainerView.swift in Sources */ = {isa = PBXBuildFile; fileRef = 3757E661238744E000D9E953 /* PlayerContainerView.swift */; };
		3757E66423877DE000D9E953 /* PlayerView.swift in Sources */ = {isa = PBXBuildFile; fileRef = 3757E66323877DE000D9E953 /* PlayerView.swift */; };
		3757E6662388198600D9E953 /* test_movie.mov in Resources */ = {isa = PBXBuildFile; fileRef = 3757E6652388198600D9E953 /* test_movie.mov */; };
		37A7A952238087A000BBCADB /* AppDelegate.swift in Sources */ = {isa = PBXBuildFile; fileRef = 37A7A951238087A000BBCADB /* AppDelegate.swift */; };
		37A7A954238087A000BBCADB /* SceneDelegate.swift in Sources */ = {isa = PBXBuildFile; fileRef = 37A7A953238087A000BBCADB /* SceneDelegate.swift */; };
		37A7A956238087A000BBCADB /* ContentView.swift in Sources */ = {isa = PBXBuildFile; fileRef = 37A7A955238087A000BBCADB /* ContentView.swift */; };
		37A7A958238087A500BBCADB /* Assets.xcassets in Resources */ = {isa = PBXBuildFile; fileRef = 37A7A957238087A500BBCADB /* Assets.xcassets */; };
		37A7A95B238087A500BBCADB /* Preview Assets.xcassets in Resources */ = {isa = PBXBuildFile; fileRef = 37A7A95A238087A500BBCADB /* Preview Assets.xcassets */; };
		37A7A95E238087A500BBCADB /* LaunchScreen.storyboard in Resources */ = {isa = PBXBuildFile; fileRef = 37A7A95C238087A500BBCADB /* LaunchScreen.storyboard */; };
		37A7A966238089EB00BBCADB /* EditorView.swift in Sources */ = {isa = PBXBuildFile; fileRef = 37A7A965238089EB00BBCADB /* EditorView.swift */; };
		37A7A9682380BED900BBCADB /* Video.swift in Sources */ = {isa = PBXBuildFile; fileRef = 37A7A9672380BED900BBCADB /* Video.swift */; };
		37AC0E1E239CB54A0073A1FD /* Gif.swift in Sources */ = {isa = PBXBuildFile; fileRef = 37AC0E1D239CB54A0073A1FD /* Gif.swift */; };
		37AC0E20239D1AA10073A1FD /* Colors.swift in Sources */ = {isa = PBXBuildFile; fileRef = 37AC0E1F239D1AA10073A1FD /* Colors.swift */; };
		37AC0E22239D92270073A1FD /* GifSettingsView.swift in Sources */ = {isa = PBXBuildFile; fileRef = 37AC0E21239D92270073A1FD /* GifSettingsView.swift */; };
		37EDBD4923A1A26800166CD9 /* ActivityIndicatorView.swift in Sources */ = {isa = PBXBuildFile; fileRef = 37EDBD4823A1A26800166CD9 /* ActivityIndicatorView.swift */; };
		37EDBD4B23A7DB6700166CD9 /* DocumentPickerView.swift in Sources */ = {isa = PBXBuildFile; fileRef = 37EDBD4A23A7DB6700166CD9 /* DocumentPickerView.swift */; };
		37EDBD4E23A7FE8E00166CD9 /* Env.swift in Sources */ = {isa = PBXBuildFile; fileRef = 37EDBD4D23A7FE8E00166CD9 /* Env.swift */; };
		37FD5A02238C878400CB098E /* ScrollViewUtils.swift in Sources */ = {isa = PBXBuildFile; fileRef = 37FD5A01238C878400CB098E /* ScrollViewUtils.swift */; };
		37FD5A04238F989E00CB098E /* Utils.swift in Sources */ = {isa = PBXBuildFile; fileRef = 37FD5A03238F989E00CB098E /* Utils.swift */; };
		37FD5A0623902EFA00CB098E /* ControlsView.swift in Sources */ = {isa = PBXBuildFile; fileRef = 37FD5A0523902EFA00CB098E /* ControlsView.swift */; };
		37FD5A08239A078700CB098E /* VisualEffectView.swift in Sources */ = {isa = PBXBuildFile; fileRef = 37FD5A07239A078700CB098E /* VisualEffectView.swift */; };
		AE04BEA60BA5D1A978564AAF /* Pods_giffed.framework in Frameworks */ = {isa = PBXBuildFile; fileRef = 495AA15FD322FFBCBB0247A2 /* Pods_giffed.framework */; };
		CF57FBF9D4E8390DEDD25F4E /* Pods_share.framework in Frameworks */ = {isa = PBXBuildFile; fileRef = 1B002BDE1E320429871BA68E /* Pods_share.framework */; };
		DC0156DD23C0D3DA00E993D2 /* GifCreatedView.swift in Sources */ = {isa = PBXBuildFile; fileRef = DC0156DC23C0D3DA00E993D2 /* GifCreatedView.swift */; };
		DC1ED73523ECFCA90082D16E /* View.swift in Sources */ = {isa = PBXBuildFile; fileRef = DC1ED73023ECFCA90082D16E /* View.swift */; };
		DC1ED73723ECFCA90082D16E /* Image.swift in Sources */ = {isa = PBXBuildFile; fileRef = DC1ED73123ECFCA90082D16E /* Image.swift */; };
		DC1ED73923ECFCA90082D16E /* Stack.swift in Sources */ = {isa = PBXBuildFile; fileRef = DC1ED73323ECFCA90082D16E /* Stack.swift */; };
		DC1ED73B23ECFCA90082D16E /* WrappedView.swift in Sources */ = {isa = PBXBuildFile; fileRef = DC1ED73423ECFCA90082D16E /* WrappedView.swift */; };
		DC23D6D423F25E7C00224CB6 /* Test.swift in Sources */ = {isa = PBXBuildFile; fileRef = DC23D6D323F25E7C00224CB6 /* Test.swift */; };
		DC245D092416635600AF70C4 /* ShareViewController.swift in Sources */ = {isa = PBXBuildFile; fileRef = DC245D082416635600AF70C4 /* ShareViewController.swift */; };
		DC245D102416635600AF70C4 /* share.appex in Embed App Extensions */ = {isa = PBXBuildFile; fileRef = DC245D062416635600AF70C4 /* share.appex */; settings = {ATTRIBUTES = (RemoveHeadersOnCopy, ); }; };
		DC245D152416690F00AF70C4 /* AnimatedImage.swift in Sources */ = {isa = PBXBuildFile; fileRef = DC245D142416690F00AF70C4 /* AnimatedImage.swift */; };
		DC245D1724166EDC00AF70C4 /* FileGalleryUtils.swift in Sources */ = {isa = PBXBuildFile; fileRef = DC4894D923D7219100E4C865 /* FileGalleryUtils.swift */; };
		DC245D1924166FBB00AF70C4 /* LoadingCircleView.swift in Sources */ = {isa = PBXBuildFile; fileRef = DCCF1A3423E9A80F00940D6F /* LoadingCircleView.swift */; };
		DC245D1A2416709D00AF70C4 /* Utils.swift in Sources */ = {isa = PBXBuildFile; fileRef = 37FD5A03238F989E00CB098E /* Utils.swift */; };
		DC245D1B241670A500AF70C4 /* Colors.swift in Sources */ = {isa = PBXBuildFile; fileRef = 37AC0E1F239D1AA10073A1FD /* Colors.swift */; };
		DC245D1C241670B600AF70C4 /* View.swift in Sources */ = {isa = PBXBuildFile; fileRef = DC1ED73023ECFCA90082D16E /* View.swift */; };
		DC245D1D241670C200AF70C4 /* Stack.swift in Sources */ = {isa = PBXBuildFile; fileRef = DC1ED73323ECFCA90082D16E /* Stack.swift */; };
		DC245D212417051000AF70C4 /* CollectionView.swift in Sources */ = {isa = PBXBuildFile; fileRef = DC245D202417051000AF70C4 /* CollectionView.swift */; };
		DC3DB1B923AF9D45004F706F /* ToolbarView.swift in Sources */ = {isa = PBXBuildFile; fileRef = DC3DB1B823AF9D45004F706F /* ToolbarView.swift */; };
		DC3DB1BB23B3D30D004F706F /* TransitionTest.swift in Sources */ = {isa = PBXBuildFile; fileRef = DC3DB1BA23B3D30D004F706F /* TransitionTest.swift */; };
		DC3DB1C123B41D00004F706F /* 4.gif in Resources */ = {isa = PBXBuildFile; fileRef = DC3DB1BC23B41CFE004F706F /* 4.gif */; };
		DC3DB1C223B41D00004F706F /* 1.gif in Resources */ = {isa = PBXBuildFile; fileRef = DC3DB1BD23B41CFE004F706F /* 1.gif */; };
		DC3DB1C323B41D00004F706F /* 3.gif in Resources */ = {isa = PBXBuildFile; fileRef = DC3DB1BE23B41CFF004F706F /* 3.gif */; };
		DC3DB1C423B41D00004F706F /* 2.gif in Resources */ = {isa = PBXBuildFile; fileRef = DC3DB1BF23B41CFF004F706F /* 2.gif */; };
		DC3DB1C523B41D00004F706F /* 5.gif in Resources */ = {isa = PBXBuildFile; fileRef = DC3DB1C023B41D00004F706F /* 5.gif */; };
		DC488FF823D3D3EE00E4C865 /* EditContainerView.swift in Sources */ = {isa = PBXBuildFile; fileRef = DC488FF723D3D3EE00E4C865 /* EditContainerView.swift */; };
		DC488FFA23D3DB7700E4C865 /* GifEditor.swift in Sources */ = {isa = PBXBuildFile; fileRef = DC488FF923D3DB7700E4C865 /* GifEditor.swift */; };
		DC488FFC23D46D5700E4C865 /* ImageAdjustmentView.swift in Sources */ = {isa = PBXBuildFile; fileRef = DC488FFB23D46D5700E4C865 /* ImageAdjustmentView.swift */; };
		DC4894AE23D5417C00E4C865 /* 6.gif in Resources */ = {isa = PBXBuildFile; fileRef = DC4894AD23D5417C00E4C865 /* 6.gif */; };
		DC4894DA23D7219100E4C865 /* FileGalleryUtils.swift in Sources */ = {isa = PBXBuildFile; fileRef = DC4894D923D7219100E4C865 /* FileGalleryUtils.swift */; };
		DC6980712413F8EB00ADCE2C /* IAPController.swift in Sources */ = {isa = PBXBuildFile; fileRef = DC6980702413F8EB00ADCE2C /* IAPController.swift */; };
		DC6980732413F9BF00ADCE2C /* StoreKit.framework in Frameworks */ = {isa = PBXBuildFile; fileRef = DC6980722413F9BF00ADCE2C /* StoreKit.framework */; };
		DC7F920723C5D6E500A959A4 /* Cropping.swift in Sources */ = {isa = PBXBuildFile; fileRef = DC7F920623C5D6E500A959A4 /* Cropping.swift */; };
		DC81FDB923E076E800017FAE /* CustomNavView.swift in Sources */ = {isa = PBXBuildFile; fileRef = DC81FDB823E076E800017FAE /* CustomNavView.swift */; };
		DC81FDBC23E2A55000017FAE /* EnterURLView.swift in Sources */ = {isa = PBXBuildFile; fileRef = DC81FDBB23E2A55000017FAE /* EnterURLView.swift */; };
		DC81FDBE23E31FA100017FAE /* Downloader.swift in Sources */ = {isa = PBXBuildFile; fileRef = DC81FDBD23E31FA100017FAE /* Downloader.swift */; };
		DC821E9723AD8AA80015C0FE /* ScrollViewTest.swift in Sources */ = {isa = PBXBuildFile; fileRef = DC821E9623AD8AA80015C0FE /* ScrollViewTest.swift */; };
		DC821E9A23AF50860015C0FE /* GalleryView.swift in Sources */ = {isa = PBXBuildFile; fileRef = DC821E9923AF50860015C0FE /* GalleryView.swift */; };
		DC821E9C23AF50BE0015C0FE /* Gallery.swift in Sources */ = {isa = PBXBuildFile; fileRef = DC821E9B23AF50BE0015C0FE /* Gallery.swift */; };
		DC821E9E23AF519B0015C0FE /* GIFImageView.swift in Sources */ = {isa = PBXBuildFile; fileRef = DC821E9D23AF519B0015C0FE /* GIFImageView.swift */; };
		DC821EA123AF719D0015C0FE /* GIFView.swift in Sources */ = {isa = PBXBuildFile; fileRef = DC821EA023AF719D0015C0FE /* GIFView.swift */; };
		DC90CACD2402D89600590A81 /* CollectionView_Utils.swift in Sources */ = {isa = PBXBuildFile; fileRef = DC90CACB2402D89600590A81 /* CollectionView_Utils.swift */; };
		DCA355D523C4851800A28C69 /* DrawingView.swift in Sources */ = {isa = PBXBuildFile; fileRef = DCA355D423C4851800A28C69 /* DrawingView.swift */; };
		DCA355D723C4B53B00A28C69 /* State.swift in Sources */ = {isa = PBXBuildFile; fileRef = DCA355D623C4B53B00A28C69 /* State.swift */; };
		DCB388E723ED06D500561B73 /* AdjustmentSelector.swift in Sources */ = {isa = PBXBuildFile; fileRef = DCB388E623ED06D500561B73 /* AdjustmentSelector.swift */; };
		DCB9DDF923B83F68005B8741 /* SettingsView.swift in Sources */ = {isa = PBXBuildFile; fileRef = DCB9DDF823B83F68005B8741 /* SettingsView.swift */; };
		DCB9DDFB23B85142005B8741 /* CustomTabView.swift in Sources */ = {isa = PBXBuildFile; fileRef = DCB9DDFA23B85142005B8741 /* CustomTabView.swift */; };
		DCB9DDFD23B8E85C005B8741 /* HUDAlertView.swift in Sources */ = {isa = PBXBuildFile; fileRef = DCB9DDFC23B8E85C005B8741 /* HUDAlertView.swift */; };
		DCC7FF4823C80EB100E2D0B2 /* ActivityView.swift in Sources */ = {isa = PBXBuildFile; fileRef = DCC7FF4723C80EB100E2D0B2 /* ActivityView.swift */; };
		DCCDAFA023F5911F0019A63C /* Settings.swift in Sources */ = {isa = PBXBuildFile; fileRef = DCCDAF9F23F5911F0019A63C /* Settings.swift */; };
		DCCDAFBA23F607200019A63C /* PasscodeLock.strings in Resources */ = {isa = PBXBuildFile; fileRef = DCCDAFA423F607200019A63C /* PasscodeLock.strings */; };
		DCCDAFBB23F607200019A63C /* Functions.swift in Sources */ = {isa = PBXBuildFile; fileRef = DCCDAFA623F607200019A63C /* Functions.swift */; };
		DCCDAFBC23F607200019A63C /* ConfirmPasscodeState.swift in Sources */ = {isa = PBXBuildFile; fileRef = DCCDAFA823F607200019A63C /* ConfirmPasscodeState.swift */; };
		DCCDAFBD23F607200019A63C /* ChangePasscodeState.swift in Sources */ = {isa = PBXBuildFile; fileRef = DCCDAFA923F607200019A63C /* ChangePasscodeState.swift */; };
		DCCDAFBE23F607200019A63C /* SetPasscodeState.swift in Sources */ = {isa = PBXBuildFile; fileRef = DCCDAFAA23F607200019A63C /* SetPasscodeState.swift */; };
		DCCDAFBF23F607200019A63C /* PasscodeLock.swift in Sources */ = {isa = PBXBuildFile; fileRef = DCCDAFAB23F607200019A63C /* PasscodeLock.swift */; };
		DCCDAFC023F607200019A63C /* EnterPasscodeState.swift in Sources */ = {isa = PBXBuildFile; fileRef = DCCDAFAC23F607200019A63C /* EnterPasscodeState.swift */; };
		DCCDAFC123F607200019A63C /* PasscodeLockView.xib in Resources */ = {isa = PBXBuildFile; fileRef = DCCDAFAE23F607200019A63C /* PasscodeLockView.xib */; };
		DCCDAFC223F607200019A63C /* PasscodeSignButton.swift in Sources */ = {isa = PBXBuildFile; fileRef = DCCDAFAF23F607200019A63C /* PasscodeSignButton.swift */; };
		DCCDAFC323F607200019A63C /* PasscodeSignPlaceholderView.swift in Sources */ = {isa = PBXBuildFile; fileRef = DCCDAFB023F607200019A63C /* PasscodeSignPlaceholderView.swift */; };
		DCCDAFC423F607200019A63C /* PasscodeLockType.swift in Sources */ = {isa = PBXBuildFile; fileRef = DCCDAFB223F607200019A63C /* PasscodeLockType.swift */; };
		DCCDAFC523F607200019A63C /* PasscodeLockConfigurationType.swift in Sources */ = {isa = PBXBuildFile; fileRef = DCCDAFB323F607200019A63C /* PasscodeLockConfigurationType.swift */; };
		DCCDAFC623F607200019A63C /* PasscodeRepositoryType.swift in Sources */ = {isa = PBXBuildFile; fileRef = DCCDAFB423F607200019A63C /* PasscodeRepositoryType.swift */; };
		DCCDAFC723F607200019A63C /* PasscodeLockStateType.swift in Sources */ = {isa = PBXBuildFile; fileRef = DCCDAFB523F607200019A63C /* PasscodeLockStateType.swift */; };
		DCCDAFC823F607200019A63C /* PasscodeLockPresenter.swift in Sources */ = {isa = PBXBuildFile; fileRef = DCCDAFB623F607200019A63C /* PasscodeLockPresenter.swift */; };
		DCCDAFCA23F607200019A63C /* PasscodeLockViewController.swift in Sources */ = {isa = PBXBuildFile; fileRef = DCCDAFB923F607200019A63C /* PasscodeLockViewController.swift */; };
		DCCF1A3523E9A80F00940D6F /* LoadingCircleView.swift in Sources */ = {isa = PBXBuildFile; fileRef = DCCF1A3423E9A80F00940D6F /* LoadingCircleView.swift */; };
		DCE7965023CB92CD000BCEBF /* MenuView.swift in Sources */ = {isa = PBXBuildFile; fileRef = DCE7964F23CB92CD000BCEBF /* MenuView.swift */; };
		DCE7965223CD562D000BCEBF /* TextFormatView.swift in Sources */ = {isa = PBXBuildFile; fileRef = DCE7965123CD562D000BCEBF /* TextFormatView.swift */; };
		DCE90E1D241B7DB7005BE091 /* SubscriptionView.swift in Sources */ = {isa = PBXBuildFile; fileRef = DCE90E1C241B7DB7005BE091 /* SubscriptionView.swift */; };
		DCFD1B73240A9CAE003634BB /* GoogleService-Info.plist in Resources */ = {isa = PBXBuildFile; fileRef = DCFD1B72240A9CAE003634BB /* GoogleService-Info.plist */; };
		DCFD1B76240AC7DE003634BB /* Uploader.swift in Sources */ = {isa = PBXBuildFile; fileRef = DCFD1B75240AC7DE003634BB /* Uploader.swift */; };
		DCFD1B78240D106B003634BB /* API.swift in Sources */ = {isa = PBXBuildFile; fileRef = DCFD1B77240D106B003634BB /* API.swift */; };
/* End PBXBuildFile section */

/* Begin PBXContainerItemProxy section */
		DC245D0E2416635600AF70C4 /* PBXContainerItemProxy */ = {
			isa = PBXContainerItemProxy;
			containerPortal = 37A7A946238087A000BBCADB /* Project object */;
			proxyType = 1;
			remoteGlobalIDString = DC245D052416635600AF70C4;
			remoteInfo = share;
		};
/* End PBXContainerItemProxy section */

/* Begin PBXCopyFilesBuildPhase section */
		DC4894C223D6F84700E4C865 /* Embed App Extensions */ = {
			isa = PBXCopyFilesBuildPhase;
			buildActionMask = 2147483647;
			dstPath = "";
			dstSubfolderSpec = 13;
			files = (
				DC245D102416635600AF70C4 /* share.appex in Embed App Extensions */,
			);
			name = "Embed App Extensions";
			runOnlyForDeploymentPostprocessing = 0;
		};
/* End PBXCopyFilesBuildPhase section */

/* Begin PBXFileReference section */
		0227E6A27022E8033DF53777 /* Pods-giffed.release.xcconfig */ = {isa = PBXFileReference; includeInIndex = 1; lastKnownFileType = text.xcconfig; name = "Pods-giffed.release.xcconfig"; path = "Target Support Files/Pods-giffed/Pods-giffed.release.xcconfig"; sourceTree = "<group>"; };
		1B002BDE1E320429871BA68E /* Pods_share.framework */ = {isa = PBXFileReference; explicitFileType = wrapper.framework; includeInIndex = 0; path = Pods_share.framework; sourceTree = BUILT_PRODUCTS_DIR; };
		22C6870D4081427B60DEBB5C /* Pods-gif.debug.xcconfig */ = {isa = PBXFileReference; includeInIndex = 1; lastKnownFileType = text.xcconfig; name = "Pods-gif.debug.xcconfig"; path = "Target Support Files/Pods-gif/Pods-gif.debug.xcconfig"; sourceTree = "<group>"; };
		34F1D85AD2524483E2A04C62 /* Pods-giffed.debug.xcconfig */ = {isa = PBXFileReference; includeInIndex = 1; lastKnownFileType = text.xcconfig; name = "Pods-giffed.debug.xcconfig"; path = "Target Support Files/Pods-giffed/Pods-giffed.debug.xcconfig"; sourceTree = "<group>"; };
		3707E1D823A1517800ABC970 /* PreviewView.swift */ = {isa = PBXFileReference; lastKnownFileType = sourcecode.swift; path = PreviewView.swift; sourceTree = "<group>"; };
		3757E65F2381059E00D9E953 /* TimelineView.swift */ = {isa = PBXFileReference; lastKnownFileType = sourcecode.swift; path = TimelineView.swift; sourceTree = "<group>"; };
		3757E661238744E000D9E953 /* PlayerContainerView.swift */ = {isa = PBXFileReference; lastKnownFileType = sourcecode.swift; path = PlayerContainerView.swift; sourceTree = "<group>"; };
		3757E66323877DE000D9E953 /* PlayerView.swift */ = {isa = PBXFileReference; lastKnownFileType = sourcecode.swift; path = PlayerView.swift; sourceTree = "<group>"; };
		3757E6652388198600D9E953 /* test_movie.mov */ = {isa = PBXFileReference; lastKnownFileType = video.quicktime; path = test_movie.mov; sourceTree = "<group>"; };
		37A7A94E238087A000BBCADB /* giffed.app */ = {isa = PBXFileReference; explicitFileType = wrapper.application; includeInIndex = 0; path = giffed.app; sourceTree = BUILT_PRODUCTS_DIR; };
		37A7A951238087A000BBCADB /* AppDelegate.swift */ = {isa = PBXFileReference; lastKnownFileType = sourcecode.swift; path = AppDelegate.swift; sourceTree = "<group>"; };
		37A7A953238087A000BBCADB /* SceneDelegate.swift */ = {isa = PBXFileReference; lastKnownFileType = sourcecode.swift; path = SceneDelegate.swift; sourceTree = "<group>"; };
		37A7A955238087A000BBCADB /* ContentView.swift */ = {isa = PBXFileReference; lastKnownFileType = sourcecode.swift; path = ContentView.swift; sourceTree = "<group>"; };
		37A7A957238087A500BBCADB /* Assets.xcassets */ = {isa = PBXFileReference; lastKnownFileType = folder.assetcatalog; path = Assets.xcassets; sourceTree = "<group>"; };
		37A7A95A238087A500BBCADB /* Preview Assets.xcassets */ = {isa = PBXFileReference; lastKnownFileType = folder.assetcatalog; path = "Preview Assets.xcassets"; sourceTree = "<group>"; };
		37A7A95D238087A500BBCADB /* Base */ = {isa = PBXFileReference; lastKnownFileType = file.storyboard; name = Base; path = Base.lproj/LaunchScreen.storyboard; sourceTree = "<group>"; };
		37A7A95F238087A500BBCADB /* Info.plist */ = {isa = PBXFileReference; lastKnownFileType = text.plist.xml; path = Info.plist; sourceTree = "<group>"; };
		37A7A965238089EB00BBCADB /* EditorView.swift */ = {isa = PBXFileReference; lastKnownFileType = sourcecode.swift; path = EditorView.swift; sourceTree = "<group>"; };
		37A7A9672380BED900BBCADB /* Video.swift */ = {isa = PBXFileReference; lastKnownFileType = sourcecode.swift; path = Video.swift; sourceTree = "<group>"; };
		37AC0E1D239CB54A0073A1FD /* Gif.swift */ = {isa = PBXFileReference; lastKnownFileType = sourcecode.swift; path = Gif.swift; sourceTree = "<group>"; };
		37AC0E1F239D1AA10073A1FD /* Colors.swift */ = {isa = PBXFileReference; lastKnownFileType = sourcecode.swift; path = Colors.swift; sourceTree = "<group>"; };
		37AC0E21239D92270073A1FD /* GifSettingsView.swift */ = {isa = PBXFileReference; lastKnownFileType = sourcecode.swift; path = GifSettingsView.swift; sourceTree = "<group>"; };
		37EDBD4823A1A26800166CD9 /* ActivityIndicatorView.swift */ = {isa = PBXFileReference; lastKnownFileType = sourcecode.swift; path = ActivityIndicatorView.swift; sourceTree = "<group>"; };
		37EDBD4A23A7DB6700166CD9 /* DocumentPickerView.swift */ = {isa = PBXFileReference; lastKnownFileType = sourcecode.swift; path = DocumentPickerView.swift; sourceTree = "<group>"; };
		37EDBD4D23A7FE8E00166CD9 /* Env.swift */ = {isa = PBXFileReference; lastKnownFileType = sourcecode.swift; path = Env.swift; sourceTree = "<group>"; };
		37FD5A01238C878400CB098E /* ScrollViewUtils.swift */ = {isa = PBXFileReference; lastKnownFileType = sourcecode.swift; path = ScrollViewUtils.swift; sourceTree = "<group>"; };
		37FD5A03238F989E00CB098E /* Utils.swift */ = {isa = PBXFileReference; lastKnownFileType = sourcecode.swift; path = Utils.swift; sourceTree = "<group>"; };
		37FD5A0523902EFA00CB098E /* ControlsView.swift */ = {isa = PBXFileReference; lastKnownFileType = sourcecode.swift; path = ControlsView.swift; sourceTree = "<group>"; };
		37FD5A07239A078700CB098E /* VisualEffectView.swift */ = {isa = PBXFileReference; lastKnownFileType = sourcecode.swift; path = VisualEffectView.swift; sourceTree = "<group>"; };
		495AA15FD322FFBCBB0247A2 /* Pods_giffed.framework */ = {isa = PBXFileReference; explicitFileType = wrapper.framework; includeInIndex = 0; path = Pods_giffed.framework; sourceTree = BUILT_PRODUCTS_DIR; };
		4E61FA6AE0F826D446D1F649 /* Pods-gif.release.xcconfig */ = {isa = PBXFileReference; includeInIndex = 1; lastKnownFileType = text.xcconfig; name = "Pods-gif.release.xcconfig"; path = "Target Support Files/Pods-gif/Pods-gif.release.xcconfig"; sourceTree = "<group>"; };
		642D151B3CA7633FB3B91944 /* Pods-share.debug.xcconfig */ = {isa = PBXFileReference; includeInIndex = 1; lastKnownFileType = text.xcconfig; name = "Pods-share.debug.xcconfig"; path = "Target Support Files/Pods-share/Pods-share.debug.xcconfig"; sourceTree = "<group>"; };
		DC0156DC23C0D3DA00E993D2 /* GifCreatedView.swift */ = {isa = PBXFileReference; lastKnownFileType = sourcecode.swift; path = GifCreatedView.swift; sourceTree = "<group>"; };
		DC1ED73023ECFCA90082D16E /* View.swift */ = {isa = PBXFileReference; fileEncoding = 4; lastKnownFileType = sourcecode.swift; path = View.swift; sourceTree = "<group>"; };
		DC1ED73123ECFCA90082D16E /* Image.swift */ = {isa = PBXFileReference; fileEncoding = 4; lastKnownFileType = sourcecode.swift; path = Image.swift; sourceTree = "<group>"; };
		DC1ED73323ECFCA90082D16E /* Stack.swift */ = {isa = PBXFileReference; fileEncoding = 4; lastKnownFileType = sourcecode.swift; path = Stack.swift; sourceTree = "<group>"; };
		DC1ED73423ECFCA90082D16E /* WrappedView.swift */ = {isa = PBXFileReference; fileEncoding = 4; lastKnownFileType = sourcecode.swift; path = WrappedView.swift; sourceTree = "<group>"; };
		DC23D6D323F25E7C00224CB6 /* Test.swift */ = {isa = PBXFileReference; lastKnownFileType = sourcecode.swift; path = Test.swift; sourceTree = "<group>"; };
		DC245D062416635600AF70C4 /* share.appex */ = {isa = PBXFileReference; explicitFileType = "wrapper.app-extension"; includeInIndex = 0; path = share.appex; sourceTree = BUILT_PRODUCTS_DIR; };
		DC245D082416635600AF70C4 /* ShareViewController.swift */ = {isa = PBXFileReference; lastKnownFileType = sourcecode.swift; path = ShareViewController.swift; sourceTree = "<group>"; };
		DC245D0D2416635600AF70C4 /* Info.plist */ = {isa = PBXFileReference; lastKnownFileType = text.plist.xml; path = Info.plist; sourceTree = "<group>"; };
		DC245D142416690F00AF70C4 /* AnimatedImage.swift */ = {isa = PBXFileReference; fileEncoding = 4; lastKnownFileType = sourcecode.swift; path = AnimatedImage.swift; sourceTree = "<group>"; };
		DC245D1624166E6400AF70C4 /* share.entitlements */ = {isa = PBXFileReference; lastKnownFileType = text.plist.entitlements; path = share.entitlements; sourceTree = "<group>"; };
		DC245D202417051000AF70C4 /* CollectionView.swift */ = {isa = PBXFileReference; fileEncoding = 4; lastKnownFileType = sourcecode.swift; path = CollectionView.swift; sourceTree = "<group>"; };
		DC3DB1B823AF9D45004F706F /* ToolbarView.swift */ = {isa = PBXFileReference; lastKnownFileType = sourcecode.swift; path = ToolbarView.swift; sourceTree = "<group>"; };
		DC3DB1BA23B3D30D004F706F /* TransitionTest.swift */ = {isa = PBXFileReference; lastKnownFileType = sourcecode.swift; path = TransitionTest.swift; sourceTree = "<group>"; };
		DC3DB1BC23B41CFE004F706F /* 4.gif */ = {isa = PBXFileReference; lastKnownFileType = image.gif; path = 4.gif; sourceTree = "<group>"; };
		DC3DB1BD23B41CFE004F706F /* 1.gif */ = {isa = PBXFileReference; lastKnownFileType = image.gif; path = 1.gif; sourceTree = "<group>"; };
		DC3DB1BE23B41CFF004F706F /* 3.gif */ = {isa = PBXFileReference; lastKnownFileType = image.gif; path = 3.gif; sourceTree = "<group>"; };
		DC3DB1BF23B41CFF004F706F /* 2.gif */ = {isa = PBXFileReference; lastKnownFileType = image.gif; path = 2.gif; sourceTree = "<group>"; };
		DC3DB1C023B41D00004F706F /* 5.gif */ = {isa = PBXFileReference; lastKnownFileType = image.gif; path = 5.gif; sourceTree = "<group>"; };
		DC488FF723D3D3EE00E4C865 /* EditContainerView.swift */ = {isa = PBXFileReference; lastKnownFileType = sourcecode.swift; path = EditContainerView.swift; sourceTree = "<group>"; };
		DC488FF923D3DB7700E4C865 /* GifEditor.swift */ = {isa = PBXFileReference; lastKnownFileType = sourcecode.swift; path = GifEditor.swift; sourceTree = "<group>"; };
		DC488FFB23D46D5700E4C865 /* ImageAdjustmentView.swift */ = {isa = PBXFileReference; lastKnownFileType = sourcecode.swift; path = ImageAdjustmentView.swift; sourceTree = "<group>"; };
		DC48948E23D48CDF00E4C865 /* GPUImage.framework */ = {isa = PBXFileReference; explicitFileType = wrapper.framework; path = GPUImage.framework; sourceTree = BUILT_PRODUCTS_DIR; };
		DC4894AD23D5417C00E4C865 /* 6.gif */ = {isa = PBXFileReference; lastKnownFileType = image.gif; path = 6.gif; sourceTree = "<group>"; };
		DC4894D923D7219100E4C865 /* FileGalleryUtils.swift */ = {isa = PBXFileReference; lastKnownFileType = sourcecode.swift; path = FileGalleryUtils.swift; sourceTree = "<group>"; };
		DC6980702413F8EB00ADCE2C /* IAPController.swift */ = {isa = PBXFileReference; lastKnownFileType = sourcecode.swift; path = IAPController.swift; sourceTree = "<group>"; };
		DC6980722413F9BF00ADCE2C /* StoreKit.framework */ = {isa = PBXFileReference; lastKnownFileType = wrapper.framework; name = StoreKit.framework; path = System/Library/Frameworks/StoreKit.framework; sourceTree = SDKROOT; };
		DC7F920623C5D6E500A959A4 /* Cropping.swift */ = {isa = PBXFileReference; lastKnownFileType = sourcecode.swift; path = Cropping.swift; sourceTree = "<group>"; };
		DC81FDB823E076E800017FAE /* CustomNavView.swift */ = {isa = PBXFileReference; lastKnownFileType = sourcecode.swift; path = CustomNavView.swift; sourceTree = "<group>"; };
		DC81FDBB23E2A55000017FAE /* EnterURLView.swift */ = {isa = PBXFileReference; lastKnownFileType = sourcecode.swift; path = EnterURLView.swift; sourceTree = "<group>"; };
		DC81FDBD23E31FA100017FAE /* Downloader.swift */ = {isa = PBXFileReference; lastKnownFileType = sourcecode.swift; path = Downloader.swift; sourceTree = "<group>"; };
		DC821E9623AD8AA80015C0FE /* ScrollViewTest.swift */ = {isa = PBXFileReference; lastKnownFileType = sourcecode.swift; path = ScrollViewTest.swift; sourceTree = "<group>"; };
		DC821E9923AF50860015C0FE /* GalleryView.swift */ = {isa = PBXFileReference; lastKnownFileType = sourcecode.swift; path = GalleryView.swift; sourceTree = "<group>"; };
		DC821E9B23AF50BE0015C0FE /* Gallery.swift */ = {isa = PBXFileReference; lastKnownFileType = sourcecode.swift; path = Gallery.swift; sourceTree = "<group>"; };
		DC821E9D23AF519B0015C0FE /* GIFImageView.swift */ = {isa = PBXFileReference; lastKnownFileType = sourcecode.swift; path = GIFImageView.swift; sourceTree = "<group>"; };
		DC821E9F23AF53DE0015C0FE /* gif.entitlements */ = {isa = PBXFileReference; lastKnownFileType = text.plist.entitlements; path = gif.entitlements; sourceTree = "<group>"; };
		DC821EA023AF719D0015C0FE /* GIFView.swift */ = {isa = PBXFileReference; lastKnownFileType = sourcecode.swift; path = GIFView.swift; sourceTree = "<group>"; };
		DC90CACB2402D89600590A81 /* CollectionView_Utils.swift */ = {isa = PBXFileReference; fileEncoding = 4; lastKnownFileType = sourcecode.swift; path = CollectionView_Utils.swift; sourceTree = "<group>"; };
		DCA355D423C4851800A28C69 /* DrawingView.swift */ = {isa = PBXFileReference; lastKnownFileType = sourcecode.swift; path = DrawingView.swift; sourceTree = "<group>"; };
		DCA355D623C4B53B00A28C69 /* State.swift */ = {isa = PBXFileReference; lastKnownFileType = sourcecode.swift; path = State.swift; sourceTree = "<group>"; };
		DCB388E623ED06D500561B73 /* AdjustmentSelector.swift */ = {isa = PBXFileReference; lastKnownFileType = sourcecode.swift; path = AdjustmentSelector.swift; sourceTree = "<group>"; };
		DCB9DDF823B83F68005B8741 /* SettingsView.swift */ = {isa = PBXFileReference; lastKnownFileType = sourcecode.swift; path = SettingsView.swift; sourceTree = "<group>"; };
		DCB9DDFA23B85142005B8741 /* CustomTabView.swift */ = {isa = PBXFileReference; lastKnownFileType = sourcecode.swift; path = CustomTabView.swift; sourceTree = "<group>"; };
		DCB9DDFC23B8E85C005B8741 /* HUDAlertView.swift */ = {isa = PBXFileReference; lastKnownFileType = sourcecode.swift; path = HUDAlertView.swift; sourceTree = "<group>"; };
		DCC7FF4723C80EB100E2D0B2 /* ActivityView.swift */ = {isa = PBXFileReference; lastKnownFileType = sourcecode.swift; path = ActivityView.swift; sourceTree = "<group>"; };
		DCCDAF9F23F5911F0019A63C /* Settings.swift */ = {isa = PBXFileReference; lastKnownFileType = sourcecode.swift; path = Settings.swift; sourceTree = "<group>"; };
		DCCDAFA523F607200019A63C /* en */ = {isa = PBXFileReference; lastKnownFileType = text.plist.strings; name = en; path = en.lproj/PasscodeLock.strings; sourceTree = "<group>"; };
		DCCDAFA623F607200019A63C /* Functions.swift */ = {isa = PBXFileReference; fileEncoding = 4; lastKnownFileType = sourcecode.swift; path = Functions.swift; sourceTree = "<group>"; };
		DCCDAFA823F607200019A63C /* ConfirmPasscodeState.swift */ = {isa = PBXFileReference; fileEncoding = 4; lastKnownFileType = sourcecode.swift; path = ConfirmPasscodeState.swift; sourceTree = "<group>"; };
		DCCDAFA923F607200019A63C /* ChangePasscodeState.swift */ = {isa = PBXFileReference; fileEncoding = 4; lastKnownFileType = sourcecode.swift; path = ChangePasscodeState.swift; sourceTree = "<group>"; };
		DCCDAFAA23F607200019A63C /* SetPasscodeState.swift */ = {isa = PBXFileReference; fileEncoding = 4; lastKnownFileType = sourcecode.swift; path = SetPasscodeState.swift; sourceTree = "<group>"; };
		DCCDAFAB23F607200019A63C /* PasscodeLock.swift */ = {isa = PBXFileReference; fileEncoding = 4; lastKnownFileType = sourcecode.swift; path = PasscodeLock.swift; sourceTree = "<group>"; };
		DCCDAFAC23F607200019A63C /* EnterPasscodeState.swift */ = {isa = PBXFileReference; fileEncoding = 4; lastKnownFileType = sourcecode.swift; path = EnterPasscodeState.swift; sourceTree = "<group>"; };
		DCCDAFAE23F607200019A63C /* PasscodeLockView.xib */ = {isa = PBXFileReference; fileEncoding = 4; lastKnownFileType = file.xib; path = PasscodeLockView.xib; sourceTree = "<group>"; };
		DCCDAFAF23F607200019A63C /* PasscodeSignButton.swift */ = {isa = PBXFileReference; fileEncoding = 4; lastKnownFileType = sourcecode.swift; path = PasscodeSignButton.swift; sourceTree = "<group>"; };
		DCCDAFB023F607200019A63C /* PasscodeSignPlaceholderView.swift */ = {isa = PBXFileReference; fileEncoding = 4; lastKnownFileType = sourcecode.swift; path = PasscodeSignPlaceholderView.swift; sourceTree = "<group>"; };
		DCCDAFB223F607200019A63C /* PasscodeLockType.swift */ = {isa = PBXFileReference; fileEncoding = 4; lastKnownFileType = sourcecode.swift; path = PasscodeLockType.swift; sourceTree = "<group>"; };
		DCCDAFB323F607200019A63C /* PasscodeLockConfigurationType.swift */ = {isa = PBXFileReference; fileEncoding = 4; lastKnownFileType = sourcecode.swift; path = PasscodeLockConfigurationType.swift; sourceTree = "<group>"; };
		DCCDAFB423F607200019A63C /* PasscodeRepositoryType.swift */ = {isa = PBXFileReference; fileEncoding = 4; lastKnownFileType = sourcecode.swift; path = PasscodeRepositoryType.swift; sourceTree = "<group>"; };
		DCCDAFB523F607200019A63C /* PasscodeLockStateType.swift */ = {isa = PBXFileReference; fileEncoding = 4; lastKnownFileType = sourcecode.swift; path = PasscodeLockStateType.swift; sourceTree = "<group>"; };
		DCCDAFB623F607200019A63C /* PasscodeLockPresenter.swift */ = {isa = PBXFileReference; fileEncoding = 4; lastKnownFileType = sourcecode.swift; path = PasscodeLockPresenter.swift; sourceTree = "<group>"; };
		DCCDAFB823F607200019A63C /* PasscodeLock.h */ = {isa = PBXFileReference; fileEncoding = 4; lastKnownFileType = sourcecode.c.h; path = PasscodeLock.h; sourceTree = "<group>"; };
		DCCDAFB923F607200019A63C /* PasscodeLockViewController.swift */ = {isa = PBXFileReference; fileEncoding = 4; lastKnownFileType = sourcecode.swift; path = PasscodeLockViewController.swift; sourceTree = "<group>"; };
		DCCF1A3423E9A80F00940D6F /* LoadingCircleView.swift */ = {isa = PBXFileReference; lastKnownFileType = sourcecode.swift; path = LoadingCircleView.swift; sourceTree = "<group>"; };
		DCE7964F23CB92CD000BCEBF /* MenuView.swift */ = {isa = PBXFileReference; lastKnownFileType = sourcecode.swift; path = MenuView.swift; sourceTree = "<group>"; };
		DCE7965123CD562D000BCEBF /* TextFormatView.swift */ = {isa = PBXFileReference; lastKnownFileType = sourcecode.swift; path = TextFormatView.swift; sourceTree = "<group>"; };
		DCE90E1C241B7DB7005BE091 /* SubscriptionView.swift */ = {isa = PBXFileReference; lastKnownFileType = sourcecode.swift; path = SubscriptionView.swift; sourceTree = "<group>"; };
		DCFD1B72240A9CAE003634BB /* GoogleService-Info.plist */ = {isa = PBXFileReference; fileEncoding = 4; lastKnownFileType = text.plist.xml; path = "GoogleService-Info.plist"; sourceTree = "<group>"; };
		DCFD1B75240AC7DE003634BB /* Uploader.swift */ = {isa = PBXFileReference; lastKnownFileType = sourcecode.swift; path = Uploader.swift; sourceTree = "<group>"; };
		DCFD1B77240D106B003634BB /* API.swift */ = {isa = PBXFileReference; lastKnownFileType = sourcecode.swift; path = API.swift; sourceTree = "<group>"; };
		E20DCA0E6064189C75193E65 /* Pods-share.release.xcconfig */ = {isa = PBXFileReference; includeInIndex = 1; lastKnownFileType = text.xcconfig; name = "Pods-share.release.xcconfig"; path = "Target Support Files/Pods-share/Pods-share.release.xcconfig"; sourceTree = "<group>"; };
/* End PBXFileReference section */

/* Begin PBXFrameworksBuildPhase section */
		37A7A94B238087A000BBCADB /* Frameworks */ = {
			isa = PBXFrameworksBuildPhase;
			buildActionMask = 2147483647;
			files = (
				AE04BEA60BA5D1A978564AAF /* Pods_giffed.framework in Frameworks */,
				DC6980732413F9BF00ADCE2C /* StoreKit.framework in Frameworks */,
			);
			runOnlyForDeploymentPostprocessing = 0;
		};
		DC245D032416635600AF70C4 /* Frameworks */ = {
			isa = PBXFrameworksBuildPhase;
			buildActionMask = 2147483647;
			files = (
				CF57FBF9D4E8390DEDD25F4E /* Pods_share.framework in Frameworks */,
			);
			runOnlyForDeploymentPostprocessing = 0;
		};
/* End PBXFrameworksBuildPhase section */

/* Begin PBXGroup section */
		048478FB3565642606304B1A /* Frameworks */ = {
			isa = PBXGroup;
			children = (
				DC6980722413F9BF00ADCE2C /* StoreKit.framework */,
				DC48948E23D48CDF00E4C865 /* GPUImage.framework */,
				1B002BDE1E320429871BA68E /* Pods_share.framework */,
				495AA15FD322FFBCBB0247A2 /* Pods_giffed.framework */,
			);
			name = Frameworks;
			sourceTree = "<group>";
		};
		0E8A82DDC6E20D682F025DDA /* Pods */ = {
			isa = PBXGroup;
			children = (
				22C6870D4081427B60DEBB5C /* Pods-gif.debug.xcconfig */,
				4E61FA6AE0F826D446D1F649 /* Pods-gif.release.xcconfig */,
				642D151B3CA7633FB3B91944 /* Pods-share.debug.xcconfig */,
				E20DCA0E6064189C75193E65 /* Pods-share.release.xcconfig */,
				34F1D85AD2524483E2A04C62 /* Pods-giffed.debug.xcconfig */,
				0227E6A27022E8033DF53777 /* Pods-giffed.release.xcconfig */,
			);
			path = Pods;
			sourceTree = "<group>";
		};
		37A7A945238087A000BBCADB = {
			isa = PBXGroup;
			children = (
				37A7A950238087A000BBCADB /* gif */,
				DC245D072416635600AF70C4 /* share */,
				37A7A94F238087A000BBCADB /* Products */,
				0E8A82DDC6E20D682F025DDA /* Pods */,
				048478FB3565642606304B1A /* Frameworks */,
			);
			sourceTree = "<group>";
		};
		37A7A94F238087A000BBCADB /* Products */ = {
			isa = PBXGroup;
			children = (
				37A7A94E238087A000BBCADB /* giffed.app */,
				DC245D062416635600AF70C4 /* share.appex */,
			);
			name = Products;
			sourceTree = "<group>";
		};
		37A7A950238087A000BBCADB /* gif */ = {
			isa = PBXGroup;
			children = (
				DC245D202417051000AF70C4 /* CollectionView.swift */,
				DCFD1B74240AC7D2003634BB /* Upload */,
				DCFD1B72240A9CAE003634BB /* GoogleService-Info.plist */,
				DCCDAFA323F607200019A63C /* PasscodeLock */,
				DC1ED72E23ECFCA90082D16E /* SwiftUI-Utils */,
				DC81FDBA23E2A54300017FAE /* Download */,
				DC7F920523C5D62900A959A4 /* Editing */,
				DCA355D323C4850900A28C69 /* Drawing */,
				DCB9DDF523B734F3005B8741 /* CollectionView */,
				DC821E9F23AF53DE0015C0FE /* gif.entitlements */,
				DC821E9823AF50770015C0FE /* Gallery */,
				37FD5A00238C875100CB098E /* UtilViews */,
				37A7A965238089EB00BBCADB /* EditorView.swift */,
				DC0156DC23C0D3DA00E993D2 /* GifCreatedView.swift */,
				DC821E9623AD8AA80015C0FE /* ScrollViewTest.swift */,
				37A7A951238087A000BBCADB /* AppDelegate.swift */,
				37A7A953238087A000BBCADB /* SceneDelegate.swift */,
				37A7A955238087A000BBCADB /* ContentView.swift */,
				37A7A957238087A500BBCADB /* Assets.xcassets */,
				37A7A95C238087A500BBCADB /* LaunchScreen.storyboard */,
				37A7A95F238087A500BBCADB /* Info.plist */,
				37A7A959238087A500BBCADB /* Preview Content */,
				37A7A9672380BED900BBCADB /* Video.swift */,
				3757E65F2381059E00D9E953 /* TimelineView.swift */,
				3757E661238744E000D9E953 /* PlayerContainerView.swift */,
				3757E66323877DE000D9E953 /* PlayerView.swift */,
				37FD5A03238F989E00CB098E /* Utils.swift */,
				37FD5A0523902EFA00CB098E /* ControlsView.swift */,
				37AC0E1D239CB54A0073A1FD /* Gif.swift */,
				37AC0E1F239D1AA10073A1FD /* Colors.swift */,
				37AC0E21239D92270073A1FD /* GifSettingsView.swift */,
				3707E1D823A1517800ABC970 /* PreviewView.swift */,
				37EDBD4A23A7DB6700166CD9 /* DocumentPickerView.swift */,
				37EDBD4D23A7FE8E00166CD9 /* Env.swift */,
				DCB9DDF823B83F68005B8741 /* SettingsView.swift */,
				DC23D6D323F25E7C00224CB6 /* Test.swift */,
				DCA355D623C4B53B00A28C69 /* State.swift */,
				DCCDAF9F23F5911F0019A63C /* Settings.swift */,
				DCFD1B77240D106B003634BB /* API.swift */,
				DC6980702413F8EB00ADCE2C /* IAPController.swift */,
				DCE90E1C241B7DB7005BE091 /* SubscriptionView.swift */,
			);
			path = gif;
			sourceTree = "<group>";
		};
		37A7A959238087A500BBCADB /* Preview Content */ = {
			isa = PBXGroup;
			children = (
				DC4894AD23D5417C00E4C865 /* 6.gif */,
				DC3DB1BD23B41CFE004F706F /* 1.gif */,
				DC3DB1BF23B41CFF004F706F /* 2.gif */,
				DC3DB1BE23B41CFF004F706F /* 3.gif */,
				DC3DB1BC23B41CFE004F706F /* 4.gif */,
				DC3DB1C023B41D00004F706F /* 5.gif */,
				3757E6652388198600D9E953 /* test_movie.mov */,
				37A7A95A238087A500BBCADB /* Preview Assets.xcassets */,
			);
			path = "Preview Content";
			sourceTree = "<group>";
		};
		37FD5A00238C875100CB098E /* UtilViews */ = {
			isa = PBXGroup;
			children = (
				37FD5A01238C878400CB098E /* ScrollViewUtils.swift */,
				37FD5A07239A078700CB098E /* VisualEffectView.swift */,
				37EDBD4823A1A26800166CD9 /* ActivityIndicatorView.swift */,
				DC3DB1B823AF9D45004F706F /* ToolbarView.swift */,
				DCB9DDFA23B85142005B8741 /* CustomTabView.swift */,
				DCB9DDFC23B8E85C005B8741 /* HUDAlertView.swift */,
				DCC7FF4723C80EB100E2D0B2 /* ActivityView.swift */,
				DCE7964F23CB92CD000BCEBF /* MenuView.swift */,
				DC81FDB823E076E800017FAE /* CustomNavView.swift */,
				DCCF1A3423E9A80F00940D6F /* LoadingCircleView.swift */,
			);
			path = UtilViews;
			sourceTree = "<group>";
		};
		DC1ED72E23ECFCA90082D16E /* SwiftUI-Utils */ = {
			isa = PBXGroup;
			children = (
				DC1ED72F23ECFCA90082D16E /* Extensions */,
				DC1ED73223ECFCA90082D16E /* Views */,
			);
			name = "SwiftUI-Utils";
			path = "../../SwiftUI-Utils/Sources/SwiftUI-Utils";
			sourceTree = "<group>";
		};
		DC1ED72F23ECFCA90082D16E /* Extensions */ = {
			isa = PBXGroup;
			children = (
				DC1ED73023ECFCA90082D16E /* View.swift */,
				DC1ED73123ECFCA90082D16E /* Image.swift */,
			);
			path = Extensions;
			sourceTree = "<group>";
		};
		DC1ED73223ECFCA90082D16E /* Views */ = {
			isa = PBXGroup;
			children = (
				DC1ED73323ECFCA90082D16E /* Stack.swift */,
				DC1ED73423ECFCA90082D16E /* WrappedView.swift */,
			);
			path = Views;
			sourceTree = "<group>";
		};
		DC245D072416635600AF70C4 /* share */ = {
			isa = PBXGroup;
			children = (
				DC245D1624166E6400AF70C4 /* share.entitlements */,
				DC245D142416690F00AF70C4 /* AnimatedImage.swift */,
				DC245D082416635600AF70C4 /* ShareViewController.swift */,
				DC245D0D2416635600AF70C4 /* Info.plist */,
			);
			path = share;
			sourceTree = "<group>";
		};
		DC7F920523C5D62900A959A4 /* Editing */ = {
			isa = PBXGroup;
			children = (
				DC7F920623C5D6E500A959A4 /* Cropping.swift */,
				DCE7965123CD562D000BCEBF /* TextFormatView.swift */,
				DC488FF723D3D3EE00E4C865 /* EditContainerView.swift */,
				DC488FF923D3DB7700E4C865 /* GifEditor.swift */,
				DC488FFB23D46D5700E4C865 /* ImageAdjustmentView.swift */,
				DCB388E623ED06D500561B73 /* AdjustmentSelector.swift */,
			);
			path = Editing;
			sourceTree = "<group>";
		};
		DC81FDBA23E2A54300017FAE /* Download */ = {
			isa = PBXGroup;
			children = (
				DC81FDBB23E2A55000017FAE /* EnterURLView.swift */,
				DC81FDBD23E31FA100017FAE /* Downloader.swift */,
			);
			path = Download;
			sourceTree = "<group>";
		};
		DC821E9823AF50770015C0FE /* Gallery */ = {
			isa = PBXGroup;
			children = (
				DC821E9923AF50860015C0FE /* GalleryView.swift */,
				DC821E9B23AF50BE0015C0FE /* Gallery.swift */,
				DC4894D923D7219100E4C865 /* FileGalleryUtils.swift */,
				DC821E9D23AF519B0015C0FE /* GIFImageView.swift */,
				DC821EA023AF719D0015C0FE /* GIFView.swift */,
				DC3DB1BA23B3D30D004F706F /* TransitionTest.swift */,
			);
			path = Gallery;
			sourceTree = "<group>";
		};
		DCA355D323C4850900A28C69 /* Drawing */ = {
			isa = PBXGroup;
			children = (
				DCA355D423C4851800A28C69 /* DrawingView.swift */,
			);
			path = Drawing;
			sourceTree = "<group>";
		};
		DCB9DDF523B734F3005B8741 /* CollectionView */ = {
			isa = PBXGroup;
			children = (
				DC90CACB2402D89600590A81 /* CollectionView_Utils.swift */,
			);
			name = CollectionView;
			path = ../../CollectionView/Sources/CollectionView;
			sourceTree = "<group>";
		};
		DCCDAFA323F607200019A63C /* PasscodeLock */ = {
			isa = PBXGroup;
			children = (
				DCCDAFA423F607200019A63C /* PasscodeLock.strings */,
				DCCDAFA623F607200019A63C /* Functions.swift */,
				DCCDAFA723F607200019A63C /* PasscodeLock */,
				DCCDAFAD23F607200019A63C /* Views */,
				DCCDAFB123F607200019A63C /* Protocols */,
				DCCDAFB623F607200019A63C /* PasscodeLockPresenter.swift */,
				DCCDAFB823F607200019A63C /* PasscodeLock.h */,
				DCCDAFB923F607200019A63C /* PasscodeLockViewController.swift */,
			);
			name = PasscodeLock;
			path = SwiftPasscodeLock/PasscodeLock;
			sourceTree = SOURCE_ROOT;
		};
		DCCDAFA723F607200019A63C /* PasscodeLock */ = {
			isa = PBXGroup;
			children = (
				DCCDAFA823F607200019A63C /* ConfirmPasscodeState.swift */,
				DCCDAFA923F607200019A63C /* ChangePasscodeState.swift */,
				DCCDAFAA23F607200019A63C /* SetPasscodeState.swift */,
				DCCDAFAB23F607200019A63C /* PasscodeLock.swift */,
				DCCDAFAC23F607200019A63C /* EnterPasscodeState.swift */,
			);
			path = PasscodeLock;
			sourceTree = "<group>";
		};
		DCCDAFAD23F607200019A63C /* Views */ = {
			isa = PBXGroup;
			children = (
				DCCDAFAE23F607200019A63C /* PasscodeLockView.xib */,
				DCCDAFAF23F607200019A63C /* PasscodeSignButton.swift */,
				DCCDAFB023F607200019A63C /* PasscodeSignPlaceholderView.swift */,
			);
			path = Views;
			sourceTree = "<group>";
		};
		DCCDAFB123F607200019A63C /* Protocols */ = {
			isa = PBXGroup;
			children = (
				DCCDAFB223F607200019A63C /* PasscodeLockType.swift */,
				DCCDAFB323F607200019A63C /* PasscodeLockConfigurationType.swift */,
				DCCDAFB423F607200019A63C /* PasscodeRepositoryType.swift */,
				DCCDAFB523F607200019A63C /* PasscodeLockStateType.swift */,
			);
			path = Protocols;
			sourceTree = "<group>";
		};
		DCFD1B74240AC7D2003634BB /* Upload */ = {
			isa = PBXGroup;
			children = (
				DCFD1B75240AC7DE003634BB /* Uploader.swift */,
			);
			path = Upload;
			sourceTree = "<group>";
		};
/* End PBXGroup section */

/* Begin PBXNativeTarget section */
		37A7A94D238087A000BBCADB /* giffed */ = {
			isa = PBXNativeTarget;
			buildConfigurationList = 37A7A962238087A500BBCADB /* Build configuration list for PBXNativeTarget "giffed" */;
			buildPhases = (
				15069EF5E2ABF6B1D5A347D0 /* [CP] Check Pods Manifest.lock */,
				37A7A94A238087A000BBCADB /* Sources */,
				37A7A94B238087A000BBCADB /* Frameworks */,
				37A7A94C238087A000BBCADB /* Resources */,
				0B075E2DB5E5D407A9401F12 /* [CP] Embed Pods Frameworks */,
				DC4894C223D6F84700E4C865 /* Embed App Extensions */,
			);
			buildRules = (
			);
			dependencies = (
				DC245D0F2416635600AF70C4 /* PBXTargetDependency */,
			);
			name = giffed;
			packageProductDependencies = (
			);
			productName = gif;
			productReference = 37A7A94E238087A000BBCADB /* giffed.app */;
			productType = "com.apple.product-type.application";
		};
		DC245D052416635600AF70C4 /* share */ = {
			isa = PBXNativeTarget;
			buildConfigurationList = DC245D112416635600AF70C4 /* Build configuration list for PBXNativeTarget "share" */;
			buildPhases = (
				6DCF63CE247911A581250DD1 /* [CP] Check Pods Manifest.lock */,
				DC245D022416635600AF70C4 /* Sources */,
				DC245D032416635600AF70C4 /* Frameworks */,
				DC245D042416635600AF70C4 /* Resources */,
			);
			buildRules = (
			);
			dependencies = (
			);
			name = share;
			productName = share;
			productReference = DC245D062416635600AF70C4 /* share.appex */;
			productType = "com.apple.product-type.app-extension";
		};
/* End PBXNativeTarget section */

/* Begin PBXProject section */
		37A7A946238087A000BBCADB /* Project object */ = {
			isa = PBXProject;
			attributes = {
				LastSwiftUpdateCheck = 1140;
				LastUpgradeCheck = 1120;
				ORGANIZATIONNAME = dan;
				TargetAttributes = {
					37A7A94D238087A000BBCADB = {
						CreatedOnToolsVersion = 11.2;
					};
					DC245D052416635600AF70C4 = {
						CreatedOnToolsVersion = 11.4;
					};
				};
			};
			buildConfigurationList = 37A7A949238087A000BBCADB /* Build configuration list for PBXProject "gif" */;
			compatibilityVersion = "Xcode 9.3";
			developmentRegion = en;
			hasScannedForEncodings = 0;
			knownRegions = (
				en,
				Base,
			);
			mainGroup = 37A7A945238087A000BBCADB;
			packageReferences = (
			);
			productRefGroup = 37A7A94F238087A000BBCADB /* Products */;
			projectDirPath = "";
			projectRoot = "";
			targets = (
				37A7A94D238087A000BBCADB /* giffed */,
				DC245D052416635600AF70C4 /* share */,
			);
		};
/* End PBXProject section */

/* Begin PBXResourcesBuildPhase section */
		37A7A94C238087A000BBCADB /* Resources */ = {
			isa = PBXResourcesBuildPhase;
			buildActionMask = 2147483647;
			files = (
				DC3DB1C223B41D00004F706F /* 1.gif in Resources */,
				37A7A95E238087A500BBCADB /* LaunchScreen.storyboard in Resources */,
				37A7A95B238087A500BBCADB /* Preview Assets.xcassets in Resources */,
				DCCDAFC123F607200019A63C /* PasscodeLockView.xib in Resources */,
				3757E6662388198600D9E953 /* test_movie.mov in Resources */,
				DCFD1B73240A9CAE003634BB /* GoogleService-Info.plist in Resources */,
				DCCDAFBA23F607200019A63C /* PasscodeLock.strings in Resources */,
				DC4894AE23D5417C00E4C865 /* 6.gif in Resources */,
				37A7A958238087A500BBCADB /* Assets.xcassets in Resources */,
				DC3DB1C323B41D00004F706F /* 3.gif in Resources */,
				DC3DB1C523B41D00004F706F /* 5.gif in Resources */,
				DC3DB1C123B41D00004F706F /* 4.gif in Resources */,
				DC3DB1C423B41D00004F706F /* 2.gif in Resources */,
			);
			runOnlyForDeploymentPostprocessing = 0;
		};
		DC245D042416635600AF70C4 /* Resources */ = {
			isa = PBXResourcesBuildPhase;
			buildActionMask = 2147483647;
			files = (
			);
			runOnlyForDeploymentPostprocessing = 0;
		};
/* End PBXResourcesBuildPhase section */

/* Begin PBXShellScriptBuildPhase section */
		0B075E2DB5E5D407A9401F12 /* [CP] Embed Pods Frameworks */ = {
			isa = PBXShellScriptBuildPhase;
			buildActionMask = 2147483647;
			files = (
			);
			inputFileListPaths = (
				"${PODS_ROOT}/Target Support Files/Pods-giffed/Pods-giffed-frameworks-${CONFIGURATION}-input-files.xcfilelist",
			);
			name = "[CP] Embed Pods Frameworks";
			outputFileListPaths = (
				"${PODS_ROOT}/Target Support Files/Pods-giffed/Pods-giffed-frameworks-${CONFIGURATION}-output-files.xcfilelist",
			);
			runOnlyForDeploymentPostprocessing = 0;
			shellPath = /bin/sh;
			shellScript = "\"${PODS_ROOT}/Target Support Files/Pods-giffed/Pods-giffed-frameworks.sh\"\n";
			showEnvVarsInLog = 0;
		};
		15069EF5E2ABF6B1D5A347D0 /* [CP] Check Pods Manifest.lock */ = {
			isa = PBXShellScriptBuildPhase;
			buildActionMask = 2147483647;
			files = (
			);
			inputFileListPaths = (
			);
			inputPaths = (
				"${PODS_PODFILE_DIR_PATH}/Podfile.lock",
				"${PODS_ROOT}/Manifest.lock",
			);
			name = "[CP] Check Pods Manifest.lock";
			outputFileListPaths = (
			);
			outputPaths = (
				"$(DERIVED_FILE_DIR)/Pods-giffed-checkManifestLockResult.txt",
			);
			runOnlyForDeploymentPostprocessing = 0;
			shellPath = /bin/sh;
			shellScript = "diff \"${PODS_PODFILE_DIR_PATH}/Podfile.lock\" \"${PODS_ROOT}/Manifest.lock\" > /dev/null\nif [ $? != 0 ] ; then\n    # print error to STDERR\n    echo \"error: The sandbox is not in sync with the Podfile.lock. Run 'pod install' or update your CocoaPods installation.\" >&2\n    exit 1\nfi\n# This output is used by Xcode 'outputs' to avoid re-running this script phase.\necho \"SUCCESS\" > \"${SCRIPT_OUTPUT_FILE_0}\"\n";
			showEnvVarsInLog = 0;
		};
		6DCF63CE247911A581250DD1 /* [CP] Check Pods Manifest.lock */ = {
			isa = PBXShellScriptBuildPhase;
			buildActionMask = 2147483647;
			files = (
			);
			inputFileListPaths = (
			);
			inputPaths = (
				"${PODS_PODFILE_DIR_PATH}/Podfile.lock",
				"${PODS_ROOT}/Manifest.lock",
			);
			name = "[CP] Check Pods Manifest.lock";
			outputFileListPaths = (
			);
			outputPaths = (
				"$(DERIVED_FILE_DIR)/Pods-share-checkManifestLockResult.txt",
			);
			runOnlyForDeploymentPostprocessing = 0;
			shellPath = /bin/sh;
			shellScript = "diff \"${PODS_PODFILE_DIR_PATH}/Podfile.lock\" \"${PODS_ROOT}/Manifest.lock\" > /dev/null\nif [ $? != 0 ] ; then\n    # print error to STDERR\n    echo \"error: The sandbox is not in sync with the Podfile.lock. Run 'pod install' or update your CocoaPods installation.\" >&2\n    exit 1\nfi\n# This output is used by Xcode 'outputs' to avoid re-running this script phase.\necho \"SUCCESS\" > \"${SCRIPT_OUTPUT_FILE_0}\"\n";
			showEnvVarsInLog = 0;
		};
/* End PBXShellScriptBuildPhase section */

/* Begin PBXSourcesBuildPhase section */
		37A7A94A238087A000BBCADB /* Sources */ = {
			isa = PBXSourcesBuildPhase;
			buildActionMask = 2147483647;
			files = (
				37EDBD4B23A7DB6700166CD9 /* DocumentPickerView.swift in Sources */,
				DC821EA123AF719D0015C0FE /* GIFView.swift in Sources */,
				DC3DB1BB23B3D30D004F706F /* TransitionTest.swift in Sources */,
				DC81FDB923E076E800017FAE /* CustomNavView.swift in Sources */,
				37A7A9682380BED900BBCADB /* Video.swift in Sources */,
				DC81FDBE23E31FA100017FAE /* Downloader.swift in Sources */,
				37AC0E20239D1AA10073A1FD /* Colors.swift in Sources */,
				DCE7965023CB92CD000BCEBF /* MenuView.swift in Sources */,
				DC4894DA23D7219100E4C865 /* FileGalleryUtils.swift in Sources */,
				DC1ED73923ECFCA90082D16E /* Stack.swift in Sources */,
				DCCDAFC523F607200019A63C /* PasscodeLockConfigurationType.swift in Sources */,
				DCCDAFC623F607200019A63C /* PasscodeRepositoryType.swift in Sources */,
				DC90CACD2402D89600590A81 /* CollectionView_Utils.swift in Sources */,
				DCC7FF4823C80EB100E2D0B2 /* ActivityView.swift in Sources */,
				DCCDAFBB23F607200019A63C /* Functions.swift in Sources */,
				DCCDAFA023F5911F0019A63C /* Settings.swift in Sources */,
				DC245D212417051000AF70C4 /* CollectionView.swift in Sources */,
				37AC0E22239D92270073A1FD /* GifSettingsView.swift in Sources */,
				DCCDAFBC23F607200019A63C /* ConfirmPasscodeState.swift in Sources */,
				DCE90E1D241B7DB7005BE091 /* SubscriptionView.swift in Sources */,
				DCCDAFC323F607200019A63C /* PasscodeSignPlaceholderView.swift in Sources */,
				DC488FFC23D46D5700E4C865 /* ImageAdjustmentView.swift in Sources */,
				37EDBD4E23A7FE8E00166CD9 /* Env.swift in Sources */,
				DCCDAFC423F607200019A63C /* PasscodeLockType.swift in Sources */,
				DCB9DDFD23B8E85C005B8741 /* HUDAlertView.swift in Sources */,
				DCCDAFC223F607200019A63C /* PasscodeSignButton.swift in Sources */,
				37FD5A02238C878400CB098E /* ScrollViewUtils.swift in Sources */,
				DCA355D523C4851800A28C69 /* DrawingView.swift in Sources */,
				DC1ED73523ECFCA90082D16E /* View.swift in Sources */,
				DCCDAFBE23F607200019A63C /* SetPasscodeState.swift in Sources */,
				DC488FF823D3D3EE00E4C865 /* EditContainerView.swift in Sources */,
				3757E6602381059E00D9E953 /* TimelineView.swift in Sources */,
				3757E662238744E000D9E953 /* PlayerContainerView.swift in Sources */,
				DCCF1A3523E9A80F00940D6F /* LoadingCircleView.swift in Sources */,
				DC821E9E23AF519B0015C0FE /* GIFImageView.swift in Sources */,
				DCA355D723C4B53B00A28C69 /* State.swift in Sources */,
				3757E66423877DE000D9E953 /* PlayerView.swift in Sources */,
				DC3DB1B923AF9D45004F706F /* ToolbarView.swift in Sources */,
				DC1ED73723ECFCA90082D16E /* Image.swift in Sources */,
				37FD5A08239A078700CB098E /* VisualEffectView.swift in Sources */,
				37FD5A04238F989E00CB098E /* Utils.swift in Sources */,
				37A7A952238087A000BBCADB /* AppDelegate.swift in Sources */,
				DC6980712413F8EB00ADCE2C /* IAPController.swift in Sources */,
				37A7A966238089EB00BBCADB /* EditorView.swift in Sources */,
				DCB388E723ED06D500561B73 /* AdjustmentSelector.swift in Sources */,
				DC821E9723AD8AA80015C0FE /* ScrollViewTest.swift in Sources */,
				3707E1D923A1517800ABC970 /* PreviewView.swift in Sources */,
				DCB9DDFB23B85142005B8741 /* CustomTabView.swift in Sources */,
				DCCDAFC023F607200019A63C /* EnterPasscodeState.swift in Sources */,
				37A7A954238087A000BBCADB /* SceneDelegate.swift in Sources */,
				DCB9DDF923B83F68005B8741 /* SettingsView.swift in Sources */,
				DCCDAFC823F607200019A63C /* PasscodeLockPresenter.swift in Sources */,
				DCFD1B76240AC7DE003634BB /* Uploader.swift in Sources */,
				37A7A956238087A000BBCADB /* ContentView.swift in Sources */,
				37EDBD4923A1A26800166CD9 /* ActivityIndicatorView.swift in Sources */,
				DC821E9A23AF50860015C0FE /* GalleryView.swift in Sources */,
				DCCDAFBD23F607200019A63C /* ChangePasscodeState.swift in Sources */,
				DC821E9C23AF50BE0015C0FE /* Gallery.swift in Sources */,
				DCCDAFBF23F607200019A63C /* PasscodeLock.swift in Sources */,
				DC81FDBC23E2A55000017FAE /* EnterURLView.swift in Sources */,
				37AC0E1E239CB54A0073A1FD /* Gif.swift in Sources */,
				DC23D6D423F25E7C00224CB6 /* Test.swift in Sources */,
				DCCDAFCA23F607200019A63C /* PasscodeLockViewController.swift in Sources */,
				DCFD1B78240D106B003634BB /* API.swift in Sources */,
				37FD5A0623902EFA00CB098E /* ControlsView.swift in Sources */,
				DC0156DD23C0D3DA00E993D2 /* GifCreatedView.swift in Sources */,
				DC1ED73B23ECFCA90082D16E /* WrappedView.swift in Sources */,
				DCE7965223CD562D000BCEBF /* TextFormatView.swift in Sources */,
				DC7F920723C5D6E500A959A4 /* Cropping.swift in Sources */,
				DC488FFA23D3DB7700E4C865 /* GifEditor.swift in Sources */,
				DCCDAFC723F607200019A63C /* PasscodeLockStateType.swift in Sources */,
			);
			runOnlyForDeploymentPostprocessing = 0;
		};
		DC245D022416635600AF70C4 /* Sources */ = {
			isa = PBXSourcesBuildPhase;
			buildActionMask = 2147483647;
			files = (
				DC245D1A2416709D00AF70C4 /* Utils.swift in Sources */,
				DC245D1B241670A500AF70C4 /* Colors.swift in Sources */,
				DC245D1724166EDC00AF70C4 /* FileGalleryUtils.swift in Sources */,
				DC245D1924166FBB00AF70C4 /* LoadingCircleView.swift in Sources */,
				DC245D1D241670C200AF70C4 /* Stack.swift in Sources */,
				DC245D152416690F00AF70C4 /* AnimatedImage.swift in Sources */,
				DC245D1C241670B600AF70C4 /* View.swift in Sources */,
				DC245D092416635600AF70C4 /* ShareViewController.swift in Sources */,
			);
			runOnlyForDeploymentPostprocessing = 0;
		};
/* End PBXSourcesBuildPhase section */

/* Begin PBXTargetDependency section */
		DC245D0F2416635600AF70C4 /* PBXTargetDependency */ = {
			isa = PBXTargetDependency;
			target = DC245D052416635600AF70C4 /* share */;
			targetProxy = DC245D0E2416635600AF70C4 /* PBXContainerItemProxy */;
		};
/* End PBXTargetDependency section */

/* Begin PBXVariantGroup section */
		37A7A95C238087A500BBCADB /* LaunchScreen.storyboard */ = {
			isa = PBXVariantGroup;
			children = (
				37A7A95D238087A500BBCADB /* Base */,
			);
			name = LaunchScreen.storyboard;
			sourceTree = "<group>";
		};
		DCCDAFA423F607200019A63C /* PasscodeLock.strings */ = {
			isa = PBXVariantGroup;
			children = (
				DCCDAFA523F607200019A63C /* en */,
			);
			name = PasscodeLock.strings;
			sourceTree = "<group>";
		};
/* End PBXVariantGroup section */

/* Begin XCBuildConfiguration section */
		37A7A960238087A500BBCADB /* Debug */ = {
			isa = XCBuildConfiguration;
			buildSettings = {
				ALWAYS_SEARCH_USER_PATHS = NO;
				CLANG_ANALYZER_NONNULL = YES;
				CLANG_ANALYZER_NUMBER_OBJECT_CONVERSION = YES_AGGRESSIVE;
				CLANG_CXX_LANGUAGE_STANDARD = "gnu++14";
				CLANG_CXX_LIBRARY = "libc++";
				CLANG_ENABLE_MODULES = YES;
				CLANG_ENABLE_OBJC_ARC = YES;
				CLANG_ENABLE_OBJC_WEAK = YES;
				CLANG_WARN_BLOCK_CAPTURE_AUTORELEASING = YES;
				CLANG_WARN_BOOL_CONVERSION = YES;
				CLANG_WARN_COMMA = YES;
				CLANG_WARN_CONSTANT_CONVERSION = YES;
				CLANG_WARN_DEPRECATED_OBJC_IMPLEMENTATIONS = YES;
				CLANG_WARN_DIRECT_OBJC_ISA_USAGE = YES_ERROR;
				CLANG_WARN_DOCUMENTATION_COMMENTS = YES;
				CLANG_WARN_EMPTY_BODY = YES;
				CLANG_WARN_ENUM_CONVERSION = YES;
				CLANG_WARN_INFINITE_RECURSION = YES;
				CLANG_WARN_INT_CONVERSION = YES;
				CLANG_WARN_NON_LITERAL_NULL_CONVERSION = YES;
				CLANG_WARN_OBJC_IMPLICIT_RETAIN_SELF = YES;
				CLANG_WARN_OBJC_LITERAL_CONVERSION = YES;
				CLANG_WARN_OBJC_ROOT_CLASS = YES_ERROR;
				CLANG_WARN_RANGE_LOOP_ANALYSIS = YES;
				CLANG_WARN_STRICT_PROTOTYPES = YES;
				CLANG_WARN_SUSPICIOUS_MOVE = YES;
				CLANG_WARN_UNGUARDED_AVAILABILITY = YES_AGGRESSIVE;
				CLANG_WARN_UNREACHABLE_CODE = YES;
				CLANG_WARN__DUPLICATE_METHOD_MATCH = YES;
				COPY_PHASE_STRIP = NO;
				DEBUG_INFORMATION_FORMAT = dwarf;
				ENABLE_STRICT_OBJC_MSGSEND = YES;
				ENABLE_TESTABILITY = YES;
				GCC_C_LANGUAGE_STANDARD = gnu11;
				GCC_DYNAMIC_NO_PIC = NO;
				GCC_NO_COMMON_BLOCKS = YES;
				GCC_OPTIMIZATION_LEVEL = 0;
				GCC_PREPROCESSOR_DEFINITIONS = (
					"DEBUG=1",
					"$(inherited)",
				);
				GCC_WARN_64_TO_32_BIT_CONVERSION = YES;
				GCC_WARN_ABOUT_RETURN_TYPE = YES_ERROR;
				GCC_WARN_UNDECLARED_SELECTOR = YES;
				GCC_WARN_UNINITIALIZED_AUTOS = YES_AGGRESSIVE;
				GCC_WARN_UNUSED_FUNCTION = YES;
				GCC_WARN_UNUSED_VARIABLE = YES;
				IPHONEOS_DEPLOYMENT_TARGET = 13.2;
				MTL_ENABLE_DEBUG_INFO = INCLUDE_SOURCE;
				MTL_FAST_MATH = YES;
				ONLY_ACTIVE_ARCH = YES;
				SDKROOT = iphoneos;
				SWIFT_ACTIVE_COMPILATION_CONDITIONS = DEBUG;
				SWIFT_OPTIMIZATION_LEVEL = "-Onone";
			};
			name = Debug;
		};
		37A7A961238087A500BBCADB /* Release */ = {
			isa = XCBuildConfiguration;
			buildSettings = {
				ALWAYS_SEARCH_USER_PATHS = NO;
				CLANG_ANALYZER_NONNULL = YES;
				CLANG_ANALYZER_NUMBER_OBJECT_CONVERSION = YES_AGGRESSIVE;
				CLANG_CXX_LANGUAGE_STANDARD = "gnu++14";
				CLANG_CXX_LIBRARY = "libc++";
				CLANG_ENABLE_MODULES = YES;
				CLANG_ENABLE_OBJC_ARC = YES;
				CLANG_ENABLE_OBJC_WEAK = YES;
				CLANG_WARN_BLOCK_CAPTURE_AUTORELEASING = YES;
				CLANG_WARN_BOOL_CONVERSION = YES;
				CLANG_WARN_COMMA = YES;
				CLANG_WARN_CONSTANT_CONVERSION = YES;
				CLANG_WARN_DEPRECATED_OBJC_IMPLEMENTATIONS = YES;
				CLANG_WARN_DIRECT_OBJC_ISA_USAGE = YES_ERROR;
				CLANG_WARN_DOCUMENTATION_COMMENTS = YES;
				CLANG_WARN_EMPTY_BODY = YES;
				CLANG_WARN_ENUM_CONVERSION = YES;
				CLANG_WARN_INFINITE_RECURSION = YES;
				CLANG_WARN_INT_CONVERSION = YES;
				CLANG_WARN_NON_LITERAL_NULL_CONVERSION = YES;
				CLANG_WARN_OBJC_IMPLICIT_RETAIN_SELF = YES;
				CLANG_WARN_OBJC_LITERAL_CONVERSION = YES;
				CLANG_WARN_OBJC_ROOT_CLASS = YES_ERROR;
				CLANG_WARN_RANGE_LOOP_ANALYSIS = YES;
				CLANG_WARN_STRICT_PROTOTYPES = YES;
				CLANG_WARN_SUSPICIOUS_MOVE = YES;
				CLANG_WARN_UNGUARDED_AVAILABILITY = YES_AGGRESSIVE;
				CLANG_WARN_UNREACHABLE_CODE = YES;
				CLANG_WARN__DUPLICATE_METHOD_MATCH = YES;
				COPY_PHASE_STRIP = NO;
				DEBUG_INFORMATION_FORMAT = "dwarf-with-dsym";
				ENABLE_NS_ASSERTIONS = NO;
				ENABLE_STRICT_OBJC_MSGSEND = YES;
				GCC_C_LANGUAGE_STANDARD = gnu11;
				GCC_NO_COMMON_BLOCKS = YES;
				GCC_WARN_64_TO_32_BIT_CONVERSION = YES;
				GCC_WARN_ABOUT_RETURN_TYPE = YES_ERROR;
				GCC_WARN_UNDECLARED_SELECTOR = YES;
				GCC_WARN_UNINITIALIZED_AUTOS = YES_AGGRESSIVE;
				GCC_WARN_UNUSED_FUNCTION = YES;
				GCC_WARN_UNUSED_VARIABLE = YES;
				IPHONEOS_DEPLOYMENT_TARGET = 13.2;
				MTL_ENABLE_DEBUG_INFO = NO;
				MTL_FAST_MATH = YES;
				SDKROOT = iphoneos;
				SWIFT_COMPILATION_MODE = wholemodule;
				SWIFT_OPTIMIZATION_LEVEL = "-O";
				VALIDATE_PRODUCT = YES;
			};
			name = Release;
		};
		37A7A963238087A500BBCADB /* Debug */ = {
			isa = XCBuildConfiguration;
			baseConfigurationReference = 34F1D85AD2524483E2A04C62 /* Pods-giffed.debug.xcconfig */;
			buildSettings = {
				ALWAYS_EMBED_SWIFT_STANDARD_LIBRARIES = YES;
				ASSETCATALOG_COMPILER_APPICON_NAME = AppIcon;
				CLANG_ANALYZER_GCD_PERFORMANCE = YES;
				CODE_SIGN_ENTITLEMENTS = gif/gif.entitlements;
				CODE_SIGN_IDENTITY = "Apple Development";
				CODE_SIGN_STYLE = Automatic;
				CURRENT_PROJECT_VERSION = 1;
				DEVELOPMENT_ASSET_PATHS = "\"gif/Preview Content\"";
				DEVELOPMENT_TEAM = 84476NUWZH;
				ENABLE_PREVIEWS = YES;
				INFOPLIST_FILE = gif/Info.plist;
				IPHONEOS_DEPLOYMENT_TARGET = 13.2;
				LD_RUNPATH_SEARCH_PATHS = (
					"$(inherited)",
					"@executable_path/Frameworks",
				);
				MARKETING_VERSION = 0.4.3;
				PRODUCT_BUNDLE_IDENTIFIER = com.pourhadi.giffed;
				PRODUCT_NAME = "$(TARGET_NAME)";
				PROVISIONING_PROFILE_SPECIFIER = "";
				SUPPORTS_MACCATALYST = NO;
				SWIFT_ACTIVE_COMPILATION_CONDITIONS = "DEBUG MAIN_TARGET";
				SWIFT_VERSION = 5.0;
				TARGETED_DEVICE_FAMILY = "1,2";
			};
			name = Debug;
		};
		37A7A964238087A500BBCADB /* Release */ = {
			isa = XCBuildConfiguration;
			baseConfigurationReference = 0227E6A27022E8033DF53777 /* Pods-giffed.release.xcconfig */;
			buildSettings = {
				ALWAYS_EMBED_SWIFT_STANDARD_LIBRARIES = YES;
				ASSETCATALOG_COMPILER_APPICON_NAME = AppIcon;
				CLANG_ANALYZER_GCD_PERFORMANCE = YES;
				CODE_SIGN_ENTITLEMENTS = gif/gif.entitlements;
				CODE_SIGN_IDENTITY = "Apple Development";
				CODE_SIGN_STYLE = Automatic;
				CURRENT_PROJECT_VERSION = 1;
				DEVELOPMENT_ASSET_PATHS = "\"gif/Preview Content\"";
				DEVELOPMENT_TEAM = 84476NUWZH;
				ENABLE_PREVIEWS = YES;
				INFOPLIST_FILE = gif/Info.plist;
				IPHONEOS_DEPLOYMENT_TARGET = 13.2;
				LD_RUNPATH_SEARCH_PATHS = (
					"$(inherited)",
					"@executable_path/Frameworks",
				);
				MARKETING_VERSION = 0.4.3;
				PRODUCT_BUNDLE_IDENTIFIER = com.pourhadi.giffed;
				PRODUCT_NAME = "$(TARGET_NAME)";
				PROVISIONING_PROFILE_SPECIFIER = "";
				SUPPORTS_MACCATALYST = NO;
				SWIFT_ACTIVE_COMPILATION_CONDITIONS = MAIN_TARGET;
				SWIFT_VERSION = 5.0;
				TARGETED_DEVICE_FAMILY = "1,2";
			};
			name = Release;
		};
		DC245D122416635600AF70C4 /* Debug */ = {
			isa = XCBuildConfiguration;
			baseConfigurationReference = 642D151B3CA7633FB3B91944 /* Pods-share.debug.xcconfig */;
			buildSettings = {
				CODE_SIGN_ENTITLEMENTS = share/share.entitlements;
				CODE_SIGN_IDENTITY = "Apple Development";
				CODE_SIGN_STYLE = Automatic;
				CURRENT_PROJECT_VERSION = 1;
				DEVELOPMENT_TEAM = 84476NUWZH;
				INFOPLIST_FILE = share/Info.plist;
				IPHONEOS_DEPLOYMENT_TARGET = 13.4;
				LD_RUNPATH_SEARCH_PATHS = (
					"$(inherited)",
					"@executable_path/Frameworks",
					"@executable_path/../../Frameworks",
				);
				MARKETING_VERSION = 0.4.3;
				PRODUCT_BUNDLE_IDENTIFIER = com.pourhadi.giffed.share;
				PRODUCT_NAME = "$(TARGET_NAME)";
				SKIP_INSTALL = YES;
				SUPPORTS_MACCATALYST = NO;
				SWIFT_VERSION = 5.0;
				TARGETED_DEVICE_FAMILY = "1,2";
			};
			name = Debug;
		};
		DC245D132416635600AF70C4 /* Release */ = {
			isa = XCBuildConfiguration;
			baseConfigurationReference = E20DCA0E6064189C75193E65 /* Pods-share.release.xcconfig */;
			buildSettings = {
				CODE_SIGN_ENTITLEMENTS = share/share.entitlements;
				CODE_SIGN_IDENTITY = "Apple Development";
				CODE_SIGN_STYLE = Automatic;
				CURRENT_PROJECT_VERSION = 1;
				DEVELOPMENT_TEAM = 84476NUWZH;
				INFOPLIST_FILE = share/Info.plist;
				IPHONEOS_DEPLOYMENT_TARGET = 13.4;
				LD_RUNPATH_SEARCH_PATHS = (
					"$(inherited)",
					"@executable_path/Frameworks",
					"@executable_path/../../Frameworks",
				);
				MARKETING_VERSION = 0.4.3;
				PRODUCT_BUNDLE_IDENTIFIER = com.pourhadi.giffed.share;
				PRODUCT_NAME = "$(TARGET_NAME)";
				SKIP_INSTALL = YES;
				SUPPORTS_MACCATALYST = NO;
				SWIFT_VERSION = 5.0;
				TARGETED_DEVICE_FAMILY = "1,2";
			};
			name = Release;
		};
/* End XCBuildConfiguration section */

/* Begin XCConfigurationList section */
		37A7A949238087A000BBCADB /* Build configuration list for PBXProject "gif" */ = {
			isa = XCConfigurationList;
			buildConfigurations = (
				37A7A960238087A500BBCADB /* Debug */,
				37A7A961238087A500BBCADB /* Release */,
			);
			defaultConfigurationIsVisible = 0;
			defaultConfigurationName = Release;
		};
		37A7A962238087A500BBCADB /* Build configuration list for PBXNativeTarget "giffed" */ = {
			isa = XCConfigurationList;
			buildConfigurations = (
				37A7A963238087A500BBCADB /* Debug */,
				37A7A964238087A500BBCADB /* Release */,
			);
			defaultConfigurationIsVisible = 0;
			defaultConfigurationName = Release;
		};
		DC245D112416635600AF70C4 /* Build configuration list for PBXNativeTarget "share" */ = {
			isa = XCConfigurationList;
			buildConfigurations = (
				DC245D122416635600AF70C4 /* Debug */,
				DC245D132416635600AF70C4 /* Release */,
			);
			defaultConfigurationIsVisible = 0;
			defaultConfigurationName = Release;
		};
/* End XCConfigurationList section */
	};
	rootObject = 37A7A946238087A000BBCADB /* Project object */;
}
